
Microsoft Visual Studio Solution File, Format Version 12.00
# Visual Studio Version 17
VisualStudioVersion = 17.1.32228.430
MinimumVisualStudioVersion = 10.0.40219.1
Project("{8BC9CEB8-8B4A-11D0-8D11-00A0C91BC942}") = "p27-1", "p27\p27.vcxproj", "{84477CCB-37DA-4CCC-B214-D2BB822C6430}"
EndProject
Project("{8BC9CEB8-8B4A-11D0-8D11-00A0C91BC942}") = "p27-2", "p27-2\p27-2.vcxproj", "{3F45BB8D-AA63-45A6-8D35-F2930D9B2244}"
EndProject
Project("{8BC9CEB8-8B4A-11D0-8D11-00A0C91BC942}") = "p35", "p35\p35.vcxproj", "{9125410D-BF1D-40E8-BFD8-F620A5AB6C5A}"
EndProject
Project("{8BC9CEB8-8B4A-11D0-8D11-00A0C91BC942}") = "p38", "p38\p38.vcxproj", "{06629EBD-5B6E-4AF9-9017-985459492518}"
EndProject
Project("{8BC9CEB8-8B4A-11D0-8D11-00A0C91BC942}") = "p39", "p39\p39.vcxproj", "{D11540D1-4227-43CF-8DF8-48646E0BFDE9}"
EndProject
Project("{8BC9CEB8-8B4A-11D0-8D11-00A0C91BC942}") = "p43-1", "p43\p43.vcxproj", "{742A7EC7-40BA-49BA-BAAB-A59D4E091CDD}"
EndProject
Project("{8BC9CEB8-8B4A-11D0-8D11-00A0C91BC942}") = "p43-2", "p43-2\p43-2.vcxproj", "{34C61D81-C803-4E61-8E12-0FB29D9307F1}"
EndProject
Project("{8BC9CEB8-8B4A-11D0-8D11-00A0C91BC942}") = "p46", "p44\p44.vcxproj", "{CB563C7A-E371-4979-97F5-FF7102833C0E}"
EndProject
Project("{8BC9CEB8-8B4A-11D0-8D11-00A0C91BC942}") = "p55", "p55\p55.vcxproj", "{AFD3C944-BD38-4429-BDF3-347E71555538}"
EndProject
Project("{8BC9CEB8-8B4A-11D0-8D11-00A0C91BC942}") = "p59", "p59\p59.vcxproj", "{FEFA2771-D74C-4D79-BE7D-E3AF7FBF4F59}"
EndProject
Project("{8BC9CEB8-8B4A-11D0-8D11-00A0C91BC942}") = "p63", "p63\p63.vcxproj", "{608C3975-0C1E-4ADF-9981-530022770EB1}"
EndProject
Project("{8BC9CEB8-8B4A-11D0-8D11-00A0C91BC942}") = "p65-1", "p65\p65.vcxproj", "{D5F7217C-3AB7-499A-849D-4B9D6D3062B3}"
EndProject
Project("{8BC9CEB8-8B4A-11D0-8D11-00A0C91BC942}") = "p65-2", "p65-2\p65-2.vcxproj", "{EB7F48D6-DEE7-4F09-8B67-2A72047D0C06}"
EndProject
Project("{8BC9CEB8-8B4A-11D0-8D11-00A0C91BC942}") = "p68", "p68\p68.vcxproj", "{F36F4626-ED87-43C6-ACC9-4325DF813E4F}"
EndProject
Project("{8BC9CEB8-8B4A-11D0-8D11-00A0C91BC942}") = "p70", "p70\p70.vcxproj", "{57A832E8-3C92-4055-86AE-9F70C6E6265A}"
EndProject
Project("{8BC9CEB8-8B4A-11D0-8D11-00A0C91BC942}") = "p72", "p72\p72.vcxproj", "{066994BC-53F8-48FB-9AEE-7FC1BDC297AE}"
EndProject
Project("{8BC9CEB8-8B4A-11D0-8D11-00A0C91BC942}") = "t-shirt", "test1\test1.vcxproj", "{823781F2-6FB5-4983-81C5-E1D22CA1A88E}"
EndProject
Project("{8BC9CEB8-8B4A-11D0-8D11-00A0C91BC942}") = "d-day", "d-day\d-day.vcxproj", "{58ABEDD1-BB58-4AD1-9BFF-76596AF7A1AC}"
EndProject
Project("{8BC9CEB8-8B4A-11D0-8D11-00A0C91BC942}") = "score", "score\score.vcxproj", "{12DC9237-46F0-4FD6-BC54-D1F66404E19E}"
EndProject
Project("{8BC9CEB8-8B4A-11D0-8D11-00A0C91BC942}") = "rank", "rank\rank.vcxproj", "{24657DA2-EF98-4961-9365-F044150BF085}"
EndProject
Project("{8BC9CEB8-8B4A-11D0-8D11-00A0C91BC942}") = "369", "369\369.vcxproj", "{8CF37CE1-0673-498C-9D3F-8CBA6D7C72C8}"
EndProject
Project("{8BC9CEB8-8B4A-11D0-8D11-00A0C91BC942}") = "frequency", "frequency\frequency.vcxproj", "{D5EC12E7-EF7A-4A8F-91F9-54DD2681C529}"
EndProject
Project("{8BC9CEB8-8B4A-11D0-8D11-00A0C91BC942}") = "reverse", "reverse\reverse.vcxproj", "{40197792-BF7F-412B-9F57-968368CCBB5B}"
EndProject
Project("{8BC9CEB8-8B4A-11D0-8D11-00A0C91BC942}") = "palindrome", "palindrome\palindrome.vcxproj", "{7919769A-02F6-4C5C-BB8E-39C6F936DFAC}"
EndProject
Project("{8BC9CEB8-8B4A-11D0-8D11-00A0C91BC942}") = "remove", "remove\remove.vcxproj", "{315C6E48-C034-41D9-9D73-04C988832ED8}"
EndProject
Project("{8BC9CEB8-8B4A-11D0-8D11-00A0C91BC942}") = "below", "below\below.vcxproj", "{2C377372-B37A-4D7C-BECF-0BCD8F0C7974}"
EndProject
Project("{8BC9CEB8-8B4A-11D0-8D11-00A0C91BC942}") = "n~m", "n~m\n~m.vcxproj", "{D3A1559B-05A3-4278-BD44-4ECE01C92ED9}"
EndProject
Project("{8BC9CEB8-8B4A-11D0-8D11-00A0C91BC942}") = "max-min", "max-min\max-min.vcxproj", "{9EBEE979-F887-436F-BAC5-EB9DF77FF912}"
EndProject
Global
	GlobalSection(SolutionConfigurationPlatforms) = preSolution
		Debug|x64 = Debug|x64
		Debug|x86 = Debug|x86
		Release|x64 = Release|x64
		Release|x86 = Release|x86
	EndGlobalSection
	GlobalSection(ProjectConfigurationPlatforms) = postSolution
		{84477CCB-37DA-4CCC-B214-D2BB822C6430}.Debug|x64.ActiveCfg = Debug|x64
		{84477CCB-37DA-4CCC-B214-D2BB822C6430}.Debug|x64.Build.0 = Debug|x64
		{84477CCB-37DA-4CCC-B214-D2BB822C6430}.Debug|x86.ActiveCfg = Debug|Win32
		{84477CCB-37DA-4CCC-B214-D2BB822C6430}.Debug|x86.Build.0 = Debug|Win32
		{84477CCB-37DA-4CCC-B214-D2BB822C6430}.Release|x64.ActiveCfg = Release|x64
		{84477CCB-37DA-4CCC-B214-D2BB822C6430}.Release|x64.Build.0 = Release|x64
		{84477CCB-37DA-4CCC-B214-D2BB822C6430}.Release|x86.ActiveCfg = Release|Win32
		{84477CCB-37DA-4CCC-B214-D2BB822C6430}.Release|x86.Build.0 = Release|Win32
		{3F45BB8D-AA63-45A6-8D35-F2930D9B2244}.Debug|x64.ActiveCfg = Debug|x64
		{3F45BB8D-AA63-45A6-8D35-F2930D9B2244}.Debug|x64.Build.0 = Debug|x64
		{3F45BB8D-AA63-45A6-8D35-F2930D9B2244}.Debug|x86.ActiveCfg = Debug|Win32
		{3F45BB8D-AA63-45A6-8D35-F2930D9B2244}.Debug|x86.Build.0 = Debug|Win32
		{3F45BB8D-AA63-45A6-8D35-F2930D9B2244}.Release|x64.ActiveCfg = Release|x64
		{3F45BB8D-AA63-45A6-8D35-F2930D9B2244}.Release|x64.Build.0 = Release|x64
		{3F45BB8D-AA63-45A6-8D35-F2930D9B2244}.Release|x86.ActiveCfg = Release|Win32
		{3F45BB8D-AA63-45A6-8D35-F2930D9B2244}.Release|x86.Build.0 = Release|Win32
		{9125410D-BF1D-40E8-BFD8-F620A5AB6C5A}.Debug|x64.ActiveCfg = Debug|x64
		{9125410D-BF1D-40E8-BFD8-F620A5AB6C5A}.Debug|x64.Build.0 = Debug|x64
		{9125410D-BF1D-40E8-BFD8-F620A5AB6C5A}.Debug|x86.ActiveCfg = Debug|Win32
		{9125410D-BF1D-40E8-BFD8-F620A5AB6C5A}.Debug|x86.Build.0 = Debug|Win32
		{9125410D-BF1D-40E8-BFD8-F620A5AB6C5A}.Release|x64.ActiveCfg = Release|x64
		{9125410D-BF1D-40E8-BFD8-F620A5AB6C5A}.Release|x64.Build.0 = Release|x64
		{9125410D-BF1D-40E8-BFD8-F620A5AB6C5A}.Release|x86.ActiveCfg = Release|Win32
		{9125410D-BF1D-40E8-BFD8-F620A5AB6C5A}.Release|x86.Build.0 = Release|Win32
		{06629EBD-5B6E-4AF9-9017-985459492518}.Debug|x64.ActiveCfg = Debug|x64
		{06629EBD-5B6E-4AF9-9017-985459492518}.Debug|x64.Build.0 = Debug|x64
		{06629EBD-5B6E-4AF9-9017-985459492518}.Debug|x86.ActiveCfg = Debug|Win32
		{06629EBD-5B6E-4AF9-9017-985459492518}.Debug|x86.Build.0 = Debug|Win32
		{06629EBD-5B6E-4AF9-9017-985459492518}.Release|x64.ActiveCfg = Release|x64
		{06629EBD-5B6E-4AF9-9017-985459492518}.Release|x64.Build.0 = Release|x64
		{06629EBD-5B6E-4AF9-9017-985459492518}.Release|x86.ActiveCfg = Release|Win32
		{06629EBD-5B6E-4AF9-9017-985459492518}.Release|x86.Build.0 = Release|Win32
		{D11540D1-4227-43CF-8DF8-48646E0BFDE9}.Debug|x64.ActiveCfg = Debug|x64
		{D11540D1-4227-43CF-8DF8-48646E0BFDE9}.Debug|x64.Build.0 = Debug|x64
		{D11540D1-4227-43CF-8DF8-48646E0BFDE9}.Debug|x86.ActiveCfg = Debug|Win32
		{D11540D1-4227-43CF-8DF8-48646E0BFDE9}.Debug|x86.Build.0 = Debug|Win32
		{D11540D1-4227-43CF-8DF8-48646E0BFDE9}.Release|x64.ActiveCfg = Release|x64
		{D11540D1-4227-43CF-8DF8-48646E0BFDE9}.Release|x64.Build.0 = Release|x64
		{D11540D1-4227-43CF-8DF8-48646E0BFDE9}.Release|x86.ActiveCfg = Release|Win32
		{D11540D1-4227-43CF-8DF8-48646E0BFDE9}.Release|x86.Build.0 = Release|Win32
		{742A7EC7-40BA-49BA-BAAB-A59D4E091CDD}.Debug|x64.ActiveCfg = Debug|x64
		{742A7EC7-40BA-49BA-BAAB-A59D4E091CDD}.Debug|x64.Build.0 = Debug|x64
		{742A7EC7-40BA-49BA-BAAB-A59D4E091CDD}.Debug|x86.ActiveCfg = Debug|Win32
		{742A7EC7-40BA-49BA-BAAB-A59D4E091CDD}.Debug|x86.Build.0 = Debug|Win32
		{742A7EC7-40BA-49BA-BAAB-A59D4E091CDD}.Release|x64.ActiveCfg = Release|x64
		{742A7EC7-40BA-49BA-BAAB-A59D4E091CDD}.Release|x64.Build.0 = Release|x64
		{742A7EC7-40BA-49BA-BAAB-A59D4E091CDD}.Release|x86.ActiveCfg = Release|Win32
		{742A7EC7-40BA-49BA-BAAB-A59D4E091CDD}.Release|x86.Build.0 = Release|Win32
		{34C61D81-C803-4E61-8E12-0FB29D9307F1}.Debug|x64.ActiveCfg = Debug|x64
		{34C61D81-C803-4E61-8E12-0FB29D9307F1}.Debug|x64.Build.0 = Debug|x64
		{34C61D81-C803-4E61-8E12-0FB29D9307F1}.Debug|x86.ActiveCfg = Debug|Win32
		{34C61D81-C803-4E61-8E12-0FB29D9307F1}.Debug|x86.Build.0 = Debug|Win32
		{34C61D81-C803-4E61-8E12-0FB29D9307F1}.Release|x64.ActiveCfg = Release|x64
		{34C61D81-C803-4E61-8E12-0FB29D9307F1}.Release|x64.Build.0 = Release|x64
		{34C61D81-C803-4E61-8E12-0FB29D9307F1}.Release|x86.ActiveCfg = Release|Win32
		{34C61D81-C803-4E61-8E12-0FB29D9307F1}.Release|x86.Build.0 = Release|Win32
		{CB563C7A-E371-4979-97F5-FF7102833C0E}.Debug|x64.ActiveCfg = Debug|x64
		{CB563C7A-E371-4979-97F5-FF7102833C0E}.Debug|x64.Build.0 = Debug|x64
		{CB563C7A-E371-4979-97F5-FF7102833C0E}.Debug|x86.ActiveCfg = Debug|Win32
		{CB563C7A-E371-4979-97F5-FF7102833C0E}.Debug|x86.Build.0 = Debug|Win32
		{CB563C7A-E371-4979-97F5-FF7102833C0E}.Release|x64.ActiveCfg = Release|x64
		{CB563C7A-E371-4979-97F5-FF7102833C0E}.Release|x64.Build.0 = Release|x64
		{CB563C7A-E371-4979-97F5-FF7102833C0E}.Release|x86.ActiveCfg = Release|Win32
		{CB563C7A-E371-4979-97F5-FF7102833C0E}.Release|x86.Build.0 = Release|Win32
		{AFD3C944-BD38-4429-BDF3-347E71555538}.Debug|x64.ActiveCfg = Debug|x64
		{AFD3C944-BD38-4429-BDF3-347E71555538}.Debug|x64.Build.0 = Debug|x64
		{AFD3C944-BD38-4429-BDF3-347E71555538}.Debug|x86.ActiveCfg = Debug|Win32
		{AFD3C944-BD38-4429-BDF3-347E71555538}.Debug|x86.Build.0 = Debug|Win32
		{AFD3C944-BD38-4429-BDF3-347E71555538}.Release|x64.ActiveCfg = Release|x64
		{AFD3C944-BD38-4429-BDF3-347E71555538}.Release|x64.Build.0 = Release|x64
		{AFD3C944-BD38-4429-BDF3-347E71555538}.Release|x86.ActiveCfg = Release|Win32
		{AFD3C944-BD38-4429-BDF3-347E71555538}.Release|x86.Build.0 = Release|Win32
		{FEFA2771-D74C-4D79-BE7D-E3AF7FBF4F59}.Debug|x64.ActiveCfg = Debug|x64
		{FEFA2771-D74C-4D79-BE7D-E3AF7FBF4F59}.Debug|x64.Build.0 = Debug|x64
		{FEFA2771-D74C-4D79-BE7D-E3AF7FBF4F59}.Debug|x86.ActiveCfg = Debug|Win32
		{FEFA2771-D74C-4D79-BE7D-E3AF7FBF4F59}.Debug|x86.Build.0 = Debug|Win32
		{FEFA2771-D74C-4D79-BE7D-E3AF7FBF4F59}.Release|x64.ActiveCfg = Release|x64
		{FEFA2771-D74C-4D79-BE7D-E3AF7FBF4F59}.Release|x64.Build.0 = Release|x64
		{FEFA2771-D74C-4D79-BE7D-E3AF7FBF4F59}.Release|x86.ActiveCfg = Release|Win32
		{FEFA2771-D74C-4D79-BE7D-E3AF7FBF4F59}.Release|x86.Build.0 = Release|Win32
		{608C3975-0C1E-4ADF-9981-530022770EB1}.Debug|x64.ActiveCfg = Debug|x64
		{608C3975-0C1E-4ADF-9981-530022770EB1}.Debug|x64.Build.0 = Debug|x64
		{608C3975-0C1E-4ADF-9981-530022770EB1}.Debug|x86.ActiveCfg = Debug|Win32
		{608C3975-0C1E-4ADF-9981-530022770EB1}.Debug|x86.Build.0 = Debug|Win32
		{608C3975-0C1E-4ADF-9981-530022770EB1}.Release|x64.ActiveCfg = Release|x64
		{608C3975-0C1E-4ADF-9981-530022770EB1}.Release|x64.Build.0 = Release|x64
		{608C3975-0C1E-4ADF-9981-530022770EB1}.Release|x86.ActiveCfg = Release|Win32
		{608C3975-0C1E-4ADF-9981-530022770EB1}.Release|x86.Build.0 = Release|Win32
		{D5F7217C-3AB7-499A-849D-4B9D6D3062B3}.Debug|x64.ActiveCfg = Debug|x64
		{D5F7217C-3AB7-499A-849D-4B9D6D3062B3}.Debug|x64.Build.0 = Debug|x64
		{D5F7217C-3AB7-499A-849D-4B9D6D3062B3}.Debug|x86.ActiveCfg = Debug|Win32
		{D5F7217C-3AB7-499A-849D-4B9D6D3062B3}.Debug|x86.Build.0 = Debug|Win32
		{D5F7217C-3AB7-499A-849D-4B9D6D3062B3}.Release|x64.ActiveCfg = Release|x64
		{D5F7217C-3AB7-499A-849D-4B9D6D3062B3}.Release|x64.Build.0 = Release|x64
		{D5F7217C-3AB7-499A-849D-4B9D6D3062B3}.Release|x86.ActiveCfg = Release|Win32
		{D5F7217C-3AB7-499A-849D-4B9D6D3062B3}.Release|x86.Build.0 = Release|Win32
		{EB7F48D6-DEE7-4F09-8B67-2A72047D0C06}.Debug|x64.ActiveCfg = Debug|x64
		{EB7F48D6-DEE7-4F09-8B67-2A72047D0C06}.Debug|x64.Build.0 = Debug|x64
		{EB7F48D6-DEE7-4F09-8B67-2A72047D0C06}.Debug|x86.ActiveCfg = Debug|Win32
		{EB7F48D6-DEE7-4F09-8B67-2A72047D0C06}.Debug|x86.Build.0 = Debug|Win32
		{EB7F48D6-DEE7-4F09-8B67-2A72047D0C06}.Release|x64.ActiveCfg = Release|x64
		{EB7F48D6-DEE7-4F09-8B67-2A72047D0C06}.Release|x64.Build.0 = Release|x64
		{EB7F48D6-DEE7-4F09-8B67-2A72047D0C06}.Release|x86.ActiveCfg = Release|Win32
		{EB7F48D6-DEE7-4F09-8B67-2A72047D0C06}.Release|x86.Build.0 = Release|Win32
		{F36F4626-ED87-43C6-ACC9-4325DF813E4F}.Debug|x64.ActiveCfg = Debug|x64
		{F36F4626-ED87-43C6-ACC9-4325DF813E4F}.Debug|x64.Build.0 = Debug|x64
		{F36F4626-ED87-43C6-ACC9-4325DF813E4F}.Debug|x86.ActiveCfg = Debug|Win32
		{F36F4626-ED87-43C6-ACC9-4325DF813E4F}.Debug|x86.Build.0 = Debug|Win32
		{F36F4626-ED87-43C6-ACC9-4325DF813E4F}.Release|x64.ActiveCfg = Release|x64
		{F36F4626-ED87-43C6-ACC9-4325DF813E4F}.Release|x64.Build.0 = Release|x64
		{F36F4626-ED87-43C6-ACC9-4325DF813E4F}.Release|x86.ActiveCfg = Release|Win32
		{F36F4626-ED87-43C6-ACC9-4325DF813E4F}.Release|x86.Build.0 = Release|Win32
		{57A832E8-3C92-4055-86AE-9F70C6E6265A}.Debug|x64.ActiveCfg = Debug|x64
		{57A832E8-3C92-4055-86AE-9F70C6E6265A}.Debug|x64.Build.0 = Debug|x64
		{57A832E8-3C92-4055-86AE-9F70C6E6265A}.Debug|x86.ActiveCfg = Debug|Win32
		{57A832E8-3C92-4055-86AE-9F70C6E6265A}.Debug|x86.Build.0 = Debug|Win32
		{57A832E8-3C92-4055-86AE-9F70C6E6265A}.Release|x64.ActiveCfg = Release|x64
		{57A832E8-3C92-4055-86AE-9F70C6E6265A}.Release|x64.Build.0 = Release|x64
		{57A832E8-3C92-4055-86AE-9F70C6E6265A}.Release|x86.ActiveCfg = Release|Win32
		{57A832E8-3C92-4055-86AE-9F70C6E6265A}.Release|x86.Build.0 = Release|Win32
		{066994BC-53F8-48FB-9AEE-7FC1BDC297AE}.Debug|x64.ActiveCfg = Debug|x64
		{066994BC-53F8-48FB-9AEE-7FC1BDC297AE}.Debug|x64.Build.0 = Debug|x64
		{066994BC-53F8-48FB-9AEE-7FC1BDC297AE}.Debug|x86.ActiveCfg = Debug|Win32
		{066994BC-53F8-48FB-9AEE-7FC1BDC297AE}.Debug|x86.Build.0 = Debug|Win32
		{066994BC-53F8-48FB-9AEE-7FC1BDC297AE}.Release|x64.ActiveCfg = Release|x64
		{066994BC-53F8-48FB-9AEE-7FC1BDC297AE}.Release|x64.Build.0 = Release|x64
		{066994BC-53F8-48FB-9AEE-7FC1BDC297AE}.Release|x86.ActiveCfg = Release|Win32
		{066994BC-53F8-48FB-9AEE-7FC1BDC297AE}.Release|x86.Build.0 = Release|Win32
		{823781F2-6FB5-4983-81C5-E1D22CA1A88E}.Debug|x64.ActiveCfg = Debug|x64
		{823781F2-6FB5-4983-81C5-E1D22CA1A88E}.Debug|x64.Build.0 = Debug|x64
		{823781F2-6FB5-4983-81C5-E1D22CA1A88E}.Debug|x86.ActiveCfg = Debug|Win32
		{823781F2-6FB5-4983-81C5-E1D22CA1A88E}.Debug|x86.Build.0 = Debug|Win32
		{823781F2-6FB5-4983-81C5-E1D22CA1A88E}.Release|x64.ActiveCfg = Release|x64
		{823781F2-6FB5-4983-81C5-E1D22CA1A88E}.Release|x64.Build.0 = Release|x64
		{823781F2-6FB5-4983-81C5-E1D22CA1A88E}.Release|x86.ActiveCfg = Release|Win32
		{823781F2-6FB5-4983-81C5-E1D22CA1A88E}.Release|x86.Build.0 = Release|Win32
		{58ABEDD1-BB58-4AD1-9BFF-76596AF7A1AC}.Debug|x64.ActiveCfg = Debug|x64
		{58ABEDD1-BB58-4AD1-9BFF-76596AF7A1AC}.Debug|x64.Build.0 = Debug|x64
		{58ABEDD1-BB58-4AD1-9BFF-76596AF7A1AC}.Debug|x86.ActiveCfg = Debug|Win32
		{58ABEDD1-BB58-4AD1-9BFF-76596AF7A1AC}.Debug|x86.Build.0 = Debug|Win32
		{58ABEDD1-BB58-4AD1-9BFF-76596AF7A1AC}.Release|x64.ActiveCfg = Release|x64
		{58ABEDD1-BB58-4AD1-9BFF-76596AF7A1AC}.Release|x64.Build.0 = Release|x64
		{58ABEDD1-BB58-4AD1-9BFF-76596AF7A1AC}.Release|x86.ActiveCfg = Release|Win32
		{58ABEDD1-BB58-4AD1-9BFF-76596AF7A1AC}.Release|x86.Build.0 = Release|Win32
		{12DC9237-46F0-4FD6-BC54-D1F66404E19E}.Debug|x64.ActiveCfg = Debug|x64
		{12DC9237-46F0-4FD6-BC54-D1F66404E19E}.Debug|x64.Build.0 = Debug|x64
		{12DC9237-46F0-4FD6-BC54-D1F66404E19E}.Debug|x86.ActiveCfg = Debug|Win32
		{12DC9237-46F0-4FD6-BC54-D1F66404E19E}.Debug|x86.Build.0 = Debug|Win32
		{12DC9237-46F0-4FD6-BC54-D1F66404E19E}.Release|x64.ActiveCfg = Release|x64
		{12DC9237-46F0-4FD6-BC54-D1F66404E19E}.Release|x64.Build.0 = Release|x64
		{12DC9237-46F0-4FD6-BC54-D1F66404E19E}.Release|x86.ActiveCfg = Release|Win32
		{12DC9237-46F0-4FD6-BC54-D1F66404E19E}.Release|x86.Build.0 = Release|Win32
		{24657DA2-EF98-4961-9365-F044150BF085}.Debug|x64.ActiveCfg = Debug|x64
		{24657DA2-EF98-4961-9365-F044150BF085}.Debug|x64.Build.0 = Debug|x64
		{24657DA2-EF98-4961-9365-F044150BF085}.Debug|x86.ActiveCfg = Debug|Win32
		{24657DA2-EF98-4961-9365-F044150BF085}.Debug|x86.Build.0 = Debug|Win32
		{24657DA2-EF98-4961-9365-F044150BF085}.Release|x64.ActiveCfg = Release|x64
		{24657DA2-EF98-4961-9365-F044150BF085}.Release|x64.Build.0 = Release|x64
		{24657DA2-EF98-4961-9365-F044150BF085}.Release|x86.ActiveCfg = Release|Win32
		{24657DA2-EF98-4961-9365-F044150BF085}.Release|x86.Build.0 = Release|Win32
		{8CF37CE1-0673-498C-9D3F-8CBA6D7C72C8}.Debug|x64.ActiveCfg = Debug|x64
		{8CF37CE1-0673-498C-9D3F-8CBA6D7C72C8}.Debug|x64.Build.0 = Debug|x64
		{8CF37CE1-0673-498C-9D3F-8CBA6D7C72C8}.Debug|x86.ActiveCfg = Debug|Win32
		{8CF37CE1-0673-498C-9D3F-8CBA6D7C72C8}.Debug|x86.Build.0 = Debug|Win32
		{8CF37CE1-0673-498C-9D3F-8CBA6D7C72C8}.Release|x64.ActiveCfg = Release|x64
		{8CF37CE1-0673-498C-9D3F-8CBA6D7C72C8}.Release|x64.Build.0 = Release|x64
		{8CF37CE1-0673-498C-9D3F-8CBA6D7C72C8}.Release|x86.ActiveCfg = Release|Win32
		{8CF37CE1-0673-498C-9D3F-8CBA6D7C72C8}.Release|x86.Build.0 = Release|Win32
		{D5EC12E7-EF7A-4A8F-91F9-54DD2681C529}.Debug|x64.ActiveCfg = Debug|x64
		{D5EC12E7-EF7A-4A8F-91F9-54DD2681C529}.Debug|x64.Build.0 = Debug|x64
		{D5EC12E7-EF7A-4A8F-91F9-54DD2681C529}.Debug|x86.ActiveCfg = Debug|Win32
		{D5EC12E7-EF7A-4A8F-91F9-54DD2681C529}.Debug|x86.Build.0 = Debug|Win32
		{D5EC12E7-EF7A-4A8F-91F9-54DD2681C529}.Release|x64.ActiveCfg = Release|x64
		{D5EC12E7-EF7A-4A8F-91F9-54DD2681C529}.Release|x64.Build.0 = Release|x64
		{D5EC12E7-EF7A-4A8F-91F9-54DD2681C529}.Release|x86.ActiveCfg = Release|Win32
		{D5EC12E7-EF7A-4A8F-91F9-54DD2681C529}.Release|x86.Build.0 = Release|Win32
		{40197792-BF7F-412B-9F57-968368CCBB5B}.Debug|x64.ActiveCfg = Debug|x64
		{40197792-BF7F-412B-9F57-968368CCBB5B}.Debug|x64.Build.0 = Debug|x64
		{40197792-BF7F-412B-9F57-968368CCBB5B}.Debug|x86.ActiveCfg = Debug|Win32
		{40197792-BF7F-412B-9F57-968368CCBB5B}.Debug|x86.Build.0 = Debug|Win32
		{40197792-BF7F-412B-9F57-968368CCBB5B}.Release|x64.ActiveCfg = Release|x64
		{40197792-BF7F-412B-9F57-968368CCBB5B}.Release|x64.Build.0 = Release|x64
		{40197792-BF7F-412B-9F57-968368CCBB5B}.Release|x86.ActiveCfg = Release|Win32
		{40197792-BF7F-412B-9F57-968368CCBB5B}.Release|x86.Build.0 = Release|Win32
		{7919769A-02F6-4C5C-BB8E-39C6F936DFAC}.Debug|x64.ActiveCfg = Debug|x64
		{7919769A-02F6-4C5C-BB8E-39C6F936DFAC}.Debug|x64.Build.0 = Debug|x64
		{7919769A-02F6-4C5C-BB8E-39C6F936DFAC}.Debug|x86.ActiveCfg = Debug|Win32
		{7919769A-02F6-4C5C-BB8E-39C6F936DFAC}.Debug|x86.Build.0 = Debug|Win32
		{7919769A-02F6-4C5C-BB8E-39C6F936DFAC}.Release|x64.ActiveCfg = Release|x64
		{7919769A-02F6-4C5C-BB8E-39C6F936DFAC}.Release|x64.Build.0 = Release|x64
		{7919769A-02F6-4C5C-BB8E-39C6F936DFAC}.Release|x86.ActiveCfg = Release|Win32
		{7919769A-02F6-4C5C-BB8E-39C6F936DFAC}.Release|x86.Build.0 = Release|Win32
		{315C6E48-C034-41D9-9D73-04C988832ED8}.Debug|x64.ActiveCfg = Debug|x64
		{315C6E48-C034-41D9-9D73-04C988832ED8}.Debug|x64.Build.0 = Debug|x64
		{315C6E48-C034-41D9-9D73-04C988832ED8}.Debug|x86.ActiveCfg = Debug|Win32
		{315C6E48-C034-41D9-9D73-04C988832ED8}.Debug|x86.Build.0 = Debug|Win32
		{315C6E48-C034-41D9-9D73-04C988832ED8}.Release|x64.ActiveCfg = Release|x64
		{315C6E48-C034-41D9-9D73-04C988832ED8}.Release|x64.Build.0 = Release|x64
		{315C6E48-C034-41D9-9D73-04C988832ED8}.Release|x86.ActiveCfg = Release|Win32
		{315C6E48-C034-41D9-9D73-04C988832ED8}.Release|x86.Build.0 = Release|Win32
		{2C377372-B37A-4D7C-BECF-0BCD8F0C7974}.Debug|x64.ActiveCfg = Debug|x64
		{2C377372-B37A-4D7C-BECF-0BCD8F0C7974}.Debug|x64.Build.0 = Debug|x64
		{2C377372-B37A-4D7C-BECF-0BCD8F0C7974}.Debug|x86.ActiveCfg = Debug|Win32
		{2C377372-B37A-4D7C-BECF-0BCD8F0C7974}.Debug|x86.Build.0 = Debug|Win32
		{2C377372-B37A-4D7C-BECF-0BCD8F0C7974}.Release|x64.ActiveCfg = Release|x64
		{2C377372-B37A-4D7C-BECF-0BCD8F0C7974}.Release|x64.Build.0 = Release|x64
		{2C377372-B37A-4D7C-BECF-0BCD8F0C7974}.Release|x86.ActiveCfg = Release|Win32
		{2C377372-B37A-4D7C-BECF-0BCD8F0C7974}.Release|x86.Build.0 = Release|Win32
		{D3A1559B-05A3-4278-BD44-4ECE01C92ED9}.Debug|x64.ActiveCfg = Debug|x64
		{D3A1559B-05A3-4278-BD44-4ECE01C92ED9}.Debug|x64.Build.0 = Debug|x64
		{D3A1559B-05A3-4278-BD44-4ECE01C92ED9}.Debug|x86.ActiveCfg = Debug|Win32
		{D3A1559B-05A3-4278-BD44-4ECE01C92ED9}.Debug|x86.Build.0 = Debug|Win32
		{D3A1559B-05A3-4278-BD44-4ECE01C92ED9}.Release|x64.ActiveCfg = Release|x64
		{D3A1559B-05A3-4278-BD44-4ECE01C92ED9}.Release|x64.Build.0 = Release|x64
		{D3A1559B-05A3-4278-BD44-4ECE01C92ED9}.Release|x86.ActiveCfg = Release|Win32
		{D3A1559B-05A3-4278-BD44-4ECE01C92ED9}.Release|x86.Build.0 = Release|Win32
		{9EBEE979-F887-436F-BAC5-EB9DF77FF912}.Debug|x64.ActiveCfg = Debug|x64
		{9EBEE979-F887-436F-BAC5-EB9DF77FF912}.Debug|x64.Build.0 = Debug|x64
		{9EBEE979-F887-436F-BAC5-EB9DF77FF912}.Debug|x86.ActiveCfg = Debug|Win32
		{9EBEE979-F887-436F-BAC5-EB9DF77FF912}.Debug|x86.Build.0 = Debug|Win32
		{9EBEE979-F887-436F-BAC5-EB9DF77FF912}.Release|x64.ActiveCfg = Release|x64
		{9EBEE979-F887-436F-BAC5-EB9DF77FF912}.Release|x64.Build.0 = Release|x64
		{9EBEE979-F887-436F-BAC5-EB9DF77FF912}.Release|x86.ActiveCfg = Release|Win32
		{9EBEE979-F887-436F-BAC5-EB9DF77FF912}.Release|x86.Build.0 = Release|Win32
	EndGlobalSection
	GlobalSection(SolutionProperties) = preSolution
		HideSolutionNode = FALSE
	EndGlobalSection
	GlobalSection(ExtensibilityGlobals) = postSolution
		SolutionGuid = {534CB06B-93BE-467E-ABCE-ACBDD8D23518}
	EndGlobalSection
EndGlobal
