
Microsoft Visual Studio Solution File, Format Version 12.00
# Visual Studio Version 17
VisualStudioVersion = 17.1.32228.430
MinimumVisualStudioVersion = 10.0.40219.1
Project("{8BC9CEB8-8B4A-11D0-8D11-00A0C91BC942}") = "p27-1", "p27\p27.vcxproj", "{84477CCB-37DA-4CCC-B214-D2BB822C6430}"
EndProject
Project("{8BC9CEB8-8B4A-11D0-8D11-00A0C91BC942}") = "p27-2", "p27-2\p27-2.vcxproj", "{3F45BB8D-AA63-45A6-8D35-F2930D9B2244}"
EndProject
Project("{8BC9CEB8-8B4A-11D0-8D11-00A0C91BC942}") = "p35", "p35\p35.vcxproj", "{9125410D-BF1D-40E8-BFD8-F620A5AB6C5A}"
EndProject
Project("{8BC9CEB8-8B4A-11D0-8D11-00A0C91BC942}") = "p38", "p38\p38.vcxproj", "{06629EBD-5B6E-4AF9-9017-985459492518}"
EndProject
Project("{8BC9CEB8-8B4A-11D0-8D11-00A0C91BC942}") = "p39", "p39\p39.vcxproj", "{D11540D1-4227-43CF-8DF8-48646E0BFDE9}"
EndProject
Project("{8BC9CEB8-8B4A-11D0-8D11-00A0C91BC942}") = "p43-1", "p43\p43.vcxproj", "{742A7EC7-40BA-49BA-BAAB-A59D4E091CDD}"
EndProject
Project("{8BC9CEB8-8B4A-11D0-8D11-00A0C91BC942}") = "p43-2", "p43-2\p43-2.vcxproj", "{34C61D81-C803-4E61-8E12-0FB29D9307F1}"
EndProject
Project("{8BC9CEB8-8B4A-11D0-8D11-00A0C91BC942}") = "p46", "p44\p44.vcxproj", "{CB563C7A-E371-4979-97F5-FF7102833C0E}"
EndProject
Project("{8BC9CEB8-8B4A-11D0-8D11-00A0C91BC942}") = "p55", "p55\p55.vcxproj", "{AFD3C944-BD38-4429-BDF3-347E71555538}"
EndProject
Project("{8BC9CEB8-8B4A-11D0-8D11-00A0C91BC942}") = "p59", "p59\p59.vcxproj", "{FEFA2771-D74C-4D79-BE7D-E3AF7FBF4F59}"
EndProject
Project("{8BC9CEB8-8B4A-11D0-8D11-00A0C91BC942}") = "p63", "p63\p63.vcxproj", "{608C3975-0C1E-4ADF-9981-530022770EB1}"
EndProject
Project("{8BC9CEB8-8B4A-11D0-8D11-00A0C91BC942}") = "p65-1", "p65\p65.vcxproj", "{D5F7217C-3AB7-499A-849D-4B9D6D3062B3}"
EndProject
Project("{8BC9CEB8-8B4A-11D0-8D11-00A0C91BC942}") = "p65-2", "p65-2\p65-2.vcxproj", "{EB7F48D6-DEE7-4F09-8B67-2A72047D0C06}"
EndProject
Project("{8BC9CEB8-8B4A-11D0-8D11-00A0C91BC942}") = "p68", "p68\p68.vcxproj", "{F36F4626-ED87-43C6-ACC9-4325DF813E4F}"
EndProject
Project("{8BC9CEB8-8B4A-11D0-8D11-00A0C91BC942}") = "p70", "p70\p70.vcxproj", "{57A832E8-3C92-4055-86AE-9F70C6E6265A}"
EndProject
Project("{8BC9CEB8-8B4A-11D0-8D11-00A0C91BC942}") = "p72", "p72\p72.vcxproj", "{066994BC-53F8-48FB-9AEE-7FC1BDC297AE}"
EndProject
Project("{8BC9CEB8-8B4A-11D0-8D11-00A0C91BC942}") = "t-shirt", "test1\test1.vcxproj", "{823781F2-6FB5-4983-81C5-E1D22CA1A88E}"
EndProject
Project("{8BC9CEB8-8B4A-11D0-8D11-00A0C91BC942}") = "d-day", "d-day\d-day.vcxproj", "{58ABEDD1-BB58-4AD1-9BFF-76596AF7A1AC}"
EndProject
Project("{8BC9CEB8-8B4A-11D0-8D11-00A0C91BC942}") = "score", "score\score.vcxproj", "{12DC9237-46F0-4FD6-BC54-D1F66404E19E}"
EndProject
Project("{8BC9CEB8-8B4A-11D0-8D11-00A0C91BC942}") = "rank", "rank\rank.vcxproj", "{24657DA2-EF98-4961-9365-F044150BF085}"
EndProject
Project("{8BC9CEB8-8B4A-11D0-8D11-00A0C91BC942}") = "369", "369\369.vcxproj", "{8CF37CE1-0673-498C-9D3F-8CBA6D7C72C8}"
EndProject
Project("{8BC9CEB8-8B4A-11D0-8D11-00A0C91BC942}") = "frequency", "frequency\frequency.vcxproj", "{D5EC12E7-EF7A-4A8F-91F9-54DD2681C529}"
EndProject
Project("{8BC9CEB8-8B4A-11D0-8D11-00A0C91BC942}") = "reverse", "reverse\reverse.vcxproj", "{40197792-BF7F-412B-9F57-968368CCBB5B}"
EndProject
Project("{8BC9CEB8-8B4A-11D0-8D11-00A0C91BC942}") = "palindrome", "palindrome\palindrome.vcxproj", "{7919769A-02F6-4C5C-BB8E-39C6F936DFAC}"
EndProject
Project("{8BC9CEB8-8B4A-11D0-8D11-00A0C91BC942}") = "remove", "remove\remove.vcxproj", "{315C6E48-C034-41D9-9D73-04C988832ED8}"
EndProject
Project("{8BC9CEB8-8B4A-11D0-8D11-00A0C91BC942}") = "below", "below\below.vcxproj", "{2C377372-B37A-4D7C-BECF-0BCD8F0C7974}"
EndProject
Project("{8BC9CEB8-8B4A-11D0-8D11-00A0C91BC942}") = "n~m", "n~m\n~m.vcxproj", "{D3A1559B-05A3-4278-BD44-4ECE01C92ED9}"
EndProject
Project("{8BC9CEB8-8B4A-11D0-8D11-00A0C91BC942}") = "max-min", "max-min\max-min.vcxproj", "{9EBEE979-F887-436F-BAC5-EB9DF77FF912}"
EndProject
Project("{8BC9CEB8-8B4A-11D0-8D11-00A0C91BC942}") = "visitor", "visitor\visitor.vcxproj", "{A05FCE80-307F-475C-9E5A-88AE4139C12C}"
EndProject
Project("{8BC9CEB8-8B4A-11D0-8D11-00A0C91BC942}") = "grade", "grade\grade.vcxproj", "{26C5EACB-CCAC-4227-90CB-F6F3F0899EC8}"
EndProject
Project("{8BC9CEB8-8B4A-11D0-8D11-00A0C91BC942}") = "frog", "frog\frog.vcxproj", "{290D51AB-CBF1-4FEC-AE8B-33B075E7FC0F}"
EndProject
Project("{8BC9CEB8-8B4A-11D0-8D11-00A0C91BC942}") = "height", "height\height.vcxproj", "{5FF86668-A1A7-46F0-BFF5-0538DAB16815}"
EndProject
Project("{8BC9CEB8-8B4A-11D0-8D11-00A0C91BC942}") = "change", "change\change.vcxproj", "{36315F17-974B-4591-AED1-B57F25E329B3}"
EndProject
Project("{8BC9CEB8-8B4A-11D0-8D11-00A0C91BC942}") = "name", "name\name.vcxproj", "{A263978E-2778-4BA0-9745-2AD8C06DC84F}"
EndProject
Project("{8BC9CEB8-8B4A-11D0-8D11-00A0C91BC942}") = "money", "money\money.vcxproj", "{EB119533-A697-473B-AAB0-223B3D6A0EAE}"
EndProject
Project("{8BC9CEB8-8B4A-11D0-8D11-00A0C91BC942}") = "k-num", "k--num\k--num.vcxproj", "{93D3A1EE-DBA0-4387-A0AC-BB8E248EEBF5}"
EndProject
Project("{8BC9CEB8-8B4A-11D0-8D11-00A0C91BC942}") = "mockTest1-3", "mockTest1-3\mockTest1-3.vcxproj", "{E8CA559F-C5EC-45B5-A6AF-7EC9A23E0CD7}"
EndProject
Project("{8BC9CEB8-8B4A-11D0-8D11-00A0C91BC942}") = "mockTest1-4", "mockTest1-4\mockTest1-4.vcxproj", "{05159640-0BDF-4AE8-A391-9DCB25F49188}"
EndProject
Project("{8BC9CEB8-8B4A-11D0-8D11-00A0C91BC942}") = "mockTest2-1", "mockTest2-1\mockTest2-1.vcxproj", "{E44240B3-6F35-456E-A2F7-7D3CE7F38640}"
EndProject
Project("{8BC9CEB8-8B4A-11D0-8D11-00A0C91BC942}") = "mockTest2-2", "mockTest2-2\mockTest2-2.vcxproj", "{48452F8D-5219-40B3-91FE-A8D9A9BFC682}"
EndProject
Project("{8BC9CEB8-8B4A-11D0-8D11-00A0C91BC942}") = "mockTest2-3", "mockTest2-3\mockTest2-3.vcxproj", "{C78EC292-7C21-4B76-B194-6D5C5402A413}"
EndProject
Project("{8BC9CEB8-8B4A-11D0-8D11-00A0C91BC942}") = "mockTest2-4", "mockTest2-4\mockTest2-4.vcxproj", "{55EFD343-53B9-4EEE-90ED-8AE4F0674922}"
EndProject
Project("{8BC9CEB8-8B4A-11D0-8D11-00A0C91BC942}") = "mockTest2-5", "mockTest2-5\mockTest2-5.vcxproj", "{4F300C2C-325F-47E6-B81F-7FA274A53C8E}"
EndProject
Project("{8BC9CEB8-8B4A-11D0-8D11-00A0C91BC942}") = "mockTest2-6", "mockTest2-6\mockTest2-6.vcxproj", "{27A5B7AB-9C31-4712-96BF-6ADCD534834B}"
EndProject
Project("{8BC9CEB8-8B4A-11D0-8D11-00A0C91BC942}") = "mockTest2-7", "mockTest2-7\mockTest2-7.vcxproj", "{B1EFF342-E148-4AF0-B261-4429205FAB83}"
EndProject
Project("{8BC9CEB8-8B4A-11D0-8D11-00A0C91BC942}") = "mockTest2-8", "mockTest2-8\mockTest2-8.vcxproj", "{09FCA4B4-505C-4F50-B2AF-A8D6E4C59158}"
EndProject
Project("{8BC9CEB8-8B4A-11D0-8D11-00A0C91BC942}") = "mockTest2-9", "mockTest2-9\mockTest2-9.vcxproj", "{C667FA85-33C8-4CD1-9D9B-246B2909A6EC}"
EndProject
Project("{8BC9CEB8-8B4A-11D0-8D11-00A0C91BC942}") = "mockTest2-10", "mockTest2-10\mockTest2-10.vcxproj", "{DCB49873-E3BF-4685-9F94-B4FD2BECB28F}"
EndProject
Project("{8BC9CEB8-8B4A-11D0-8D11-00A0C91BC942}") = "mockTest3-1", "mockTest3-1\mockTest3-1.vcxproj", "{2402D752-4F1C-4BD1-BE17-CAA8FFE5EFDF}"
EndProject
Project("{8BC9CEB8-8B4A-11D0-8D11-00A0C91BC942}") = "mockTest3-2", "mockTest3-2\mockTest3-2.vcxproj", "{536448A8-7E34-4F66-8369-E363ABB380C1}"
EndProject
Project("{8BC9CEB8-8B4A-11D0-8D11-00A0C91BC942}") = "mockTest3-3", "mockTest3-3\mockTest3-3.vcxproj", "{49131785-1C8F-4164-AB61-07B40E97BB4C}"
EndProject
Project("{8BC9CEB8-8B4A-11D0-8D11-00A0C91BC942}") = "mockTest3-4", "mockTest3-4\mockTest3-4.vcxproj", "{4A4C4C3E-4292-4BD2-B94B-6AA7F73ACFB8}"
EndProject
Project("{8BC9CEB8-8B4A-11D0-8D11-00A0C91BC942}") = "mockTest3-5", "mockTest3-5\mockTest3-5.vcxproj", "{C09C691A-3A78-48E0-AE65-62317E6D7A93}"
EndProject
Project("{8BC9CEB8-8B4A-11D0-8D11-00A0C91BC942}") = "mockTest3-6", "mockTest3-6\mockTest3-6.vcxproj", "{E606604C-B8BD-47A6-832B-459FFBA33320}"
EndProject
Project("{8BC9CEB8-8B4A-11D0-8D11-00A0C91BC942}") = "mockTest3-7", "mockTest3-7\mockTest3-7.vcxproj", "{92E23E70-3842-43B1-A05A-7601EC06B2C5}"
EndProject
Project("{8BC9CEB8-8B4A-11D0-8D11-00A0C91BC942}") = "mockTest3-8", "mockTest3-8\mockTest3-8.vcxproj", "{4D1953B9-40DD-4B31-B3C0-0621FC8D472F}"
EndProject
Project("{8BC9CEB8-8B4A-11D0-8D11-00A0C91BC942}") = "mockTest3-9", "mockTest3-9\mockTest3-9.vcxproj", "{97B39BCC-1531-4D8A-98F4-8EE2A21B7177}"
EndProject
Project("{8BC9CEB8-8B4A-11D0-8D11-00A0C91BC942}") = "mockTest3-10", "mockTest3-10\mockTest3-10.vcxproj", "{16C640E8-2EAD-4A48-842B-FB28C9652776}"
EndProject
Global
	GlobalSection(SolutionConfigurationPlatforms) = preSolution
		Debug|x64 = Debug|x64
		Debug|x86 = Debug|x86
		Release|x64 = Release|x64
		Release|x86 = Release|x86
	EndGlobalSection
	GlobalSection(ProjectConfigurationPlatforms) = postSolution
		{84477CCB-37DA-4CCC-B214-D2BB822C6430}.Debug|x64.ActiveCfg = Debug|x64
		{84477CCB-37DA-4CCC-B214-D2BB822C6430}.Debug|x64.Build.0 = Debug|x64
		{84477CCB-37DA-4CCC-B214-D2BB822C6430}.Debug|x86.ActiveCfg = Debug|Win32
		{84477CCB-37DA-4CCC-B214-D2BB822C6430}.Debug|x86.Build.0 = Debug|Win32
		{84477CCB-37DA-4CCC-B214-D2BB822C6430}.Release|x64.ActiveCfg = Release|x64
		{84477CCB-37DA-4CCC-B214-D2BB822C6430}.Release|x64.Build.0 = Release|x64
		{84477CCB-37DA-4CCC-B214-D2BB822C6430}.Release|x86.ActiveCfg = Release|Win32
		{84477CCB-37DA-4CCC-B214-D2BB822C6430}.Release|x86.Build.0 = Release|Win32
		{3F45BB8D-AA63-45A6-8D35-F2930D9B2244}.Debug|x64.ActiveCfg = Debug|x64
		{3F45BB8D-AA63-45A6-8D35-F2930D9B2244}.Debug|x64.Build.0 = Debug|x64
		{3F45BB8D-AA63-45A6-8D35-F2930D9B2244}.Debug|x86.ActiveCfg = Debug|Win32
		{3F45BB8D-AA63-45A6-8D35-F2930D9B2244}.Debug|x86.Build.0 = Debug|Win32
		{3F45BB8D-AA63-45A6-8D35-F2930D9B2244}.Release|x64.ActiveCfg = Release|x64
		{3F45BB8D-AA63-45A6-8D35-F2930D9B2244}.Release|x64.Build.0 = Release|x64
		{3F45BB8D-AA63-45A6-8D35-F2930D9B2244}.Release|x86.ActiveCfg = Release|Win32
		{3F45BB8D-AA63-45A6-8D35-F2930D9B2244}.Release|x86.Build.0 = Release|Win32
		{9125410D-BF1D-40E8-BFD8-F620A5AB6C5A}.Debug|x64.ActiveCfg = Debug|x64
		{9125410D-BF1D-40E8-BFD8-F620A5AB6C5A}.Debug|x64.Build.0 = Debug|x64
		{9125410D-BF1D-40E8-BFD8-F620A5AB6C5A}.Debug|x86.ActiveCfg = Debug|Win32
		{9125410D-BF1D-40E8-BFD8-F620A5AB6C5A}.Debug|x86.Build.0 = Debug|Win32
		{9125410D-BF1D-40E8-BFD8-F620A5AB6C5A}.Release|x64.ActiveCfg = Release|x64
		{9125410D-BF1D-40E8-BFD8-F620A5AB6C5A}.Release|x64.Build.0 = Release|x64
		{9125410D-BF1D-40E8-BFD8-F620A5AB6C5A}.Release|x86.ActiveCfg = Release|Win32
		{9125410D-BF1D-40E8-BFD8-F620A5AB6C5A}.Release|x86.Build.0 = Release|Win32
		{06629EBD-5B6E-4AF9-9017-985459492518}.Debug|x64.ActiveCfg = Debug|x64
		{06629EBD-5B6E-4AF9-9017-985459492518}.Debug|x64.Build.0 = Debug|x64
		{06629EBD-5B6E-4AF9-9017-985459492518}.Debug|x86.ActiveCfg = Debug|Win32
		{06629EBD-5B6E-4AF9-9017-985459492518}.Debug|x86.Build.0 = Debug|Win32
		{06629EBD-5B6E-4AF9-9017-985459492518}.Release|x64.ActiveCfg = Release|x64
		{06629EBD-5B6E-4AF9-9017-985459492518}.Release|x64.Build.0 = Release|x64
		{06629EBD-5B6E-4AF9-9017-985459492518}.Release|x86.ActiveCfg = Release|Win32
		{06629EBD-5B6E-4AF9-9017-985459492518}.Release|x86.Build.0 = Release|Win32
		{D11540D1-4227-43CF-8DF8-48646E0BFDE9}.Debug|x64.ActiveCfg = Debug|x64
		{D11540D1-4227-43CF-8DF8-48646E0BFDE9}.Debug|x64.Build.0 = Debug|x64
		{D11540D1-4227-43CF-8DF8-48646E0BFDE9}.Debug|x86.ActiveCfg = Debug|Win32
		{D11540D1-4227-43CF-8DF8-48646E0BFDE9}.Debug|x86.Build.0 = Debug|Win32
		{D11540D1-4227-43CF-8DF8-48646E0BFDE9}.Release|x64.ActiveCfg = Release|x64
		{D11540D1-4227-43CF-8DF8-48646E0BFDE9}.Release|x64.Build.0 = Release|x64
		{D11540D1-4227-43CF-8DF8-48646E0BFDE9}.Release|x86.ActiveCfg = Release|Win32
		{D11540D1-4227-43CF-8DF8-48646E0BFDE9}.Release|x86.Build.0 = Release|Win32
		{742A7EC7-40BA-49BA-BAAB-A59D4E091CDD}.Debug|x64.ActiveCfg = Debug|x64
		{742A7EC7-40BA-49BA-BAAB-A59D4E091CDD}.Debug|x64.Build.0 = Debug|x64
		{742A7EC7-40BA-49BA-BAAB-A59D4E091CDD}.Debug|x86.ActiveCfg = Debug|Win32
		{742A7EC7-40BA-49BA-BAAB-A59D4E091CDD}.Debug|x86.Build.0 = Debug|Win32
		{742A7EC7-40BA-49BA-BAAB-A59D4E091CDD}.Release|x64.ActiveCfg = Release|x64
		{742A7EC7-40BA-49BA-BAAB-A59D4E091CDD}.Release|x64.Build.0 = Release|x64
		{742A7EC7-40BA-49BA-BAAB-A59D4E091CDD}.Release|x86.ActiveCfg = Release|Win32
		{742A7EC7-40BA-49BA-BAAB-A59D4E091CDD}.Release|x86.Build.0 = Release|Win32
		{34C61D81-C803-4E61-8E12-0FB29D9307F1}.Debug|x64.ActiveCfg = Debug|x64
		{34C61D81-C803-4E61-8E12-0FB29D9307F1}.Debug|x64.Build.0 = Debug|x64
		{34C61D81-C803-4E61-8E12-0FB29D9307F1}.Debug|x86.ActiveCfg = Debug|Win32
		{34C61D81-C803-4E61-8E12-0FB29D9307F1}.Debug|x86.Build.0 = Debug|Win32
		{34C61D81-C803-4E61-8E12-0FB29D9307F1}.Release|x64.ActiveCfg = Release|x64
		{34C61D81-C803-4E61-8E12-0FB29D9307F1}.Release|x64.Build.0 = Release|x64
		{34C61D81-C803-4E61-8E12-0FB29D9307F1}.Release|x86.ActiveCfg = Release|Win32
		{34C61D81-C803-4E61-8E12-0FB29D9307F1}.Release|x86.Build.0 = Release|Win32
		{CB563C7A-E371-4979-97F5-FF7102833C0E}.Debug|x64.ActiveCfg = Debug|x64
		{CB563C7A-E371-4979-97F5-FF7102833C0E}.Debug|x64.Build.0 = Debug|x64
		{CB563C7A-E371-4979-97F5-FF7102833C0E}.Debug|x86.ActiveCfg = Debug|Win32
		{CB563C7A-E371-4979-97F5-FF7102833C0E}.Debug|x86.Build.0 = Debug|Win32
		{CB563C7A-E371-4979-97F5-FF7102833C0E}.Release|x64.ActiveCfg = Release|x64
		{CB563C7A-E371-4979-97F5-FF7102833C0E}.Release|x64.Build.0 = Release|x64
		{CB563C7A-E371-4979-97F5-FF7102833C0E}.Release|x86.ActiveCfg = Release|Win32
		{CB563C7A-E371-4979-97F5-FF7102833C0E}.Release|x86.Build.0 = Release|Win32
		{AFD3C944-BD38-4429-BDF3-347E71555538}.Debug|x64.ActiveCfg = Debug|x64
		{AFD3C944-BD38-4429-BDF3-347E71555538}.Debug|x64.Build.0 = Debug|x64
		{AFD3C944-BD38-4429-BDF3-347E71555538}.Debug|x86.ActiveCfg = Debug|Win32
		{AFD3C944-BD38-4429-BDF3-347E71555538}.Debug|x86.Build.0 = Debug|Win32
		{AFD3C944-BD38-4429-BDF3-347E71555538}.Release|x64.ActiveCfg = Release|x64
		{AFD3C944-BD38-4429-BDF3-347E71555538}.Release|x64.Build.0 = Release|x64
		{AFD3C944-BD38-4429-BDF3-347E71555538}.Release|x86.ActiveCfg = Release|Win32
		{AFD3C944-BD38-4429-BDF3-347E71555538}.Release|x86.Build.0 = Release|Win32
		{FEFA2771-D74C-4D79-BE7D-E3AF7FBF4F59}.Debug|x64.ActiveCfg = Debug|x64
		{FEFA2771-D74C-4D79-BE7D-E3AF7FBF4F59}.Debug|x64.Build.0 = Debug|x64
		{FEFA2771-D74C-4D79-BE7D-E3AF7FBF4F59}.Debug|x86.ActiveCfg = Debug|Win32
		{FEFA2771-D74C-4D79-BE7D-E3AF7FBF4F59}.Debug|x86.Build.0 = Debug|Win32
		{FEFA2771-D74C-4D79-BE7D-E3AF7FBF4F59}.Release|x64.ActiveCfg = Release|x64
		{FEFA2771-D74C-4D79-BE7D-E3AF7FBF4F59}.Release|x64.Build.0 = Release|x64
		{FEFA2771-D74C-4D79-BE7D-E3AF7FBF4F59}.Release|x86.ActiveCfg = Release|Win32
		{FEFA2771-D74C-4D79-BE7D-E3AF7FBF4F59}.Release|x86.Build.0 = Release|Win32
		{608C3975-0C1E-4ADF-9981-530022770EB1}.Debug|x64.ActiveCfg = Debug|x64
		{608C3975-0C1E-4ADF-9981-530022770EB1}.Debug|x64.Build.0 = Debug|x64
		{608C3975-0C1E-4ADF-9981-530022770EB1}.Debug|x86.ActiveCfg = Debug|Win32
		{608C3975-0C1E-4ADF-9981-530022770EB1}.Debug|x86.Build.0 = Debug|Win32
		{608C3975-0C1E-4ADF-9981-530022770EB1}.Release|x64.ActiveCfg = Release|x64
		{608C3975-0C1E-4ADF-9981-530022770EB1}.Release|x64.Build.0 = Release|x64
		{608C3975-0C1E-4ADF-9981-530022770EB1}.Release|x86.ActiveCfg = Release|Win32
		{608C3975-0C1E-4ADF-9981-530022770EB1}.Release|x86.Build.0 = Release|Win32
		{D5F7217C-3AB7-499A-849D-4B9D6D3062B3}.Debug|x64.ActiveCfg = Debug|x64
		{D5F7217C-3AB7-499A-849D-4B9D6D3062B3}.Debug|x64.Build.0 = Debug|x64
		{D5F7217C-3AB7-499A-849D-4B9D6D3062B3}.Debug|x86.ActiveCfg = Debug|Win32
		{D5F7217C-3AB7-499A-849D-4B9D6D3062B3}.Debug|x86.Build.0 = Debug|Win32
		{D5F7217C-3AB7-499A-849D-4B9D6D3062B3}.Release|x64.ActiveCfg = Release|x64
		{D5F7217C-3AB7-499A-849D-4B9D6D3062B3}.Release|x64.Build.0 = Release|x64
		{D5F7217C-3AB7-499A-849D-4B9D6D3062B3}.Release|x86.ActiveCfg = Release|Win32
		{D5F7217C-3AB7-499A-849D-4B9D6D3062B3}.Release|x86.Build.0 = Release|Win32
		{EB7F48D6-DEE7-4F09-8B67-2A72047D0C06}.Debug|x64.ActiveCfg = Debug|x64
		{EB7F48D6-DEE7-4F09-8B67-2A72047D0C06}.Debug|x64.Build.0 = Debug|x64
		{EB7F48D6-DEE7-4F09-8B67-2A72047D0C06}.Debug|x86.ActiveCfg = Debug|Win32
		{EB7F48D6-DEE7-4F09-8B67-2A72047D0C06}.Debug|x86.Build.0 = Debug|Win32
		{EB7F48D6-DEE7-4F09-8B67-2A72047D0C06}.Release|x64.ActiveCfg = Release|x64
		{EB7F48D6-DEE7-4F09-8B67-2A72047D0C06}.Release|x64.Build.0 = Release|x64
		{EB7F48D6-DEE7-4F09-8B67-2A72047D0C06}.Release|x86.ActiveCfg = Release|Win32
		{EB7F48D6-DEE7-4F09-8B67-2A72047D0C06}.Release|x86.Build.0 = Release|Win32
		{F36F4626-ED87-43C6-ACC9-4325DF813E4F}.Debug|x64.ActiveCfg = Debug|x64
		{F36F4626-ED87-43C6-ACC9-4325DF813E4F}.Debug|x64.Build.0 = Debug|x64
		{F36F4626-ED87-43C6-ACC9-4325DF813E4F}.Debug|x86.ActiveCfg = Debug|Win32
		{F36F4626-ED87-43C6-ACC9-4325DF813E4F}.Debug|x86.Build.0 = Debug|Win32
		{F36F4626-ED87-43C6-ACC9-4325DF813E4F}.Release|x64.ActiveCfg = Release|x64
		{F36F4626-ED87-43C6-ACC9-4325DF813E4F}.Release|x64.Build.0 = Release|x64
		{F36F4626-ED87-43C6-ACC9-4325DF813E4F}.Release|x86.ActiveCfg = Release|Win32
		{F36F4626-ED87-43C6-ACC9-4325DF813E4F}.Release|x86.Build.0 = Release|Win32
		{57A832E8-3C92-4055-86AE-9F70C6E6265A}.Debug|x64.ActiveCfg = Debug|x64
		{57A832E8-3C92-4055-86AE-9F70C6E6265A}.Debug|x64.Build.0 = Debug|x64
		{57A832E8-3C92-4055-86AE-9F70C6E6265A}.Debug|x86.ActiveCfg = Debug|Win32
		{57A832E8-3C92-4055-86AE-9F70C6E6265A}.Debug|x86.Build.0 = Debug|Win32
		{57A832E8-3C92-4055-86AE-9F70C6E6265A}.Release|x64.ActiveCfg = Release|x64
		{57A832E8-3C92-4055-86AE-9F70C6E6265A}.Release|x64.Build.0 = Release|x64
		{57A832E8-3C92-4055-86AE-9F70C6E6265A}.Release|x86.ActiveCfg = Release|Win32
		{57A832E8-3C92-4055-86AE-9F70C6E6265A}.Release|x86.Build.0 = Release|Win32
		{066994BC-53F8-48FB-9AEE-7FC1BDC297AE}.Debug|x64.ActiveCfg = Debug|x64
		{066994BC-53F8-48FB-9AEE-7FC1BDC297AE}.Debug|x64.Build.0 = Debug|x64
		{066994BC-53F8-48FB-9AEE-7FC1BDC297AE}.Debug|x86.ActiveCfg = Debug|Win32
		{066994BC-53F8-48FB-9AEE-7FC1BDC297AE}.Debug|x86.Build.0 = Debug|Win32
		{066994BC-53F8-48FB-9AEE-7FC1BDC297AE}.Release|x64.ActiveCfg = Release|x64
		{066994BC-53F8-48FB-9AEE-7FC1BDC297AE}.Release|x64.Build.0 = Release|x64
		{066994BC-53F8-48FB-9AEE-7FC1BDC297AE}.Release|x86.ActiveCfg = Release|Win32
		{066994BC-53F8-48FB-9AEE-7FC1BDC297AE}.Release|x86.Build.0 = Release|Win32
		{823781F2-6FB5-4983-81C5-E1D22CA1A88E}.Debug|x64.ActiveCfg = Debug|x64
		{823781F2-6FB5-4983-81C5-E1D22CA1A88E}.Debug|x64.Build.0 = Debug|x64
		{823781F2-6FB5-4983-81C5-E1D22CA1A88E}.Debug|x86.ActiveCfg = Debug|Win32
		{823781F2-6FB5-4983-81C5-E1D22CA1A88E}.Debug|x86.Build.0 = Debug|Win32
		{823781F2-6FB5-4983-81C5-E1D22CA1A88E}.Release|x64.ActiveCfg = Release|x64
		{823781F2-6FB5-4983-81C5-E1D22CA1A88E}.Release|x64.Build.0 = Release|x64
		{823781F2-6FB5-4983-81C5-E1D22CA1A88E}.Release|x86.ActiveCfg = Release|Win32
		{823781F2-6FB5-4983-81C5-E1D22CA1A88E}.Release|x86.Build.0 = Release|Win32
		{58ABEDD1-BB58-4AD1-9BFF-76596AF7A1AC}.Debug|x64.ActiveCfg = Debug|x64
		{58ABEDD1-BB58-4AD1-9BFF-76596AF7A1AC}.Debug|x64.Build.0 = Debug|x64
		{58ABEDD1-BB58-4AD1-9BFF-76596AF7A1AC}.Debug|x86.ActiveCfg = Debug|Win32
		{58ABEDD1-BB58-4AD1-9BFF-76596AF7A1AC}.Debug|x86.Build.0 = Debug|Win32
		{58ABEDD1-BB58-4AD1-9BFF-76596AF7A1AC}.Release|x64.ActiveCfg = Release|x64
		{58ABEDD1-BB58-4AD1-9BFF-76596AF7A1AC}.Release|x64.Build.0 = Release|x64
		{58ABEDD1-BB58-4AD1-9BFF-76596AF7A1AC}.Release|x86.ActiveCfg = Release|Win32
		{58ABEDD1-BB58-4AD1-9BFF-76596AF7A1AC}.Release|x86.Build.0 = Release|Win32
		{12DC9237-46F0-4FD6-BC54-D1F66404E19E}.Debug|x64.ActiveCfg = Debug|x64
		{12DC9237-46F0-4FD6-BC54-D1F66404E19E}.Debug|x64.Build.0 = Debug|x64
		{12DC9237-46F0-4FD6-BC54-D1F66404E19E}.Debug|x86.ActiveCfg = Debug|Win32
		{12DC9237-46F0-4FD6-BC54-D1F66404E19E}.Debug|x86.Build.0 = Debug|Win32
		{12DC9237-46F0-4FD6-BC54-D1F66404E19E}.Release|x64.ActiveCfg = Release|x64
		{12DC9237-46F0-4FD6-BC54-D1F66404E19E}.Release|x64.Build.0 = Release|x64
		{12DC9237-46F0-4FD6-BC54-D1F66404E19E}.Release|x86.ActiveCfg = Release|Win32
		{12DC9237-46F0-4FD6-BC54-D1F66404E19E}.Release|x86.Build.0 = Release|Win32
		{24657DA2-EF98-4961-9365-F044150BF085}.Debug|x64.ActiveCfg = Debug|x64
		{24657DA2-EF98-4961-9365-F044150BF085}.Debug|x64.Build.0 = Debug|x64
		{24657DA2-EF98-4961-9365-F044150BF085}.Debug|x86.ActiveCfg = Debug|Win32
		{24657DA2-EF98-4961-9365-F044150BF085}.Debug|x86.Build.0 = Debug|Win32
		{24657DA2-EF98-4961-9365-F044150BF085}.Release|x64.ActiveCfg = Release|x64
		{24657DA2-EF98-4961-9365-F044150BF085}.Release|x64.Build.0 = Release|x64
		{24657DA2-EF98-4961-9365-F044150BF085}.Release|x86.ActiveCfg = Release|Win32
		{24657DA2-EF98-4961-9365-F044150BF085}.Release|x86.Build.0 = Release|Win32
		{8CF37CE1-0673-498C-9D3F-8CBA6D7C72C8}.Debug|x64.ActiveCfg = Debug|x64
		{8CF37CE1-0673-498C-9D3F-8CBA6D7C72C8}.Debug|x64.Build.0 = Debug|x64
		{8CF37CE1-0673-498C-9D3F-8CBA6D7C72C8}.Debug|x86.ActiveCfg = Debug|Win32
		{8CF37CE1-0673-498C-9D3F-8CBA6D7C72C8}.Debug|x86.Build.0 = Debug|Win32
		{8CF37CE1-0673-498C-9D3F-8CBA6D7C72C8}.Release|x64.ActiveCfg = Release|x64
		{8CF37CE1-0673-498C-9D3F-8CBA6D7C72C8}.Release|x64.Build.0 = Release|x64
		{8CF37CE1-0673-498C-9D3F-8CBA6D7C72C8}.Release|x86.ActiveCfg = Release|Win32
		{8CF37CE1-0673-498C-9D3F-8CBA6D7C72C8}.Release|x86.Build.0 = Release|Win32
		{D5EC12E7-EF7A-4A8F-91F9-54DD2681C529}.Debug|x64.ActiveCfg = Debug|x64
		{D5EC12E7-EF7A-4A8F-91F9-54DD2681C529}.Debug|x64.Build.0 = Debug|x64
		{D5EC12E7-EF7A-4A8F-91F9-54DD2681C529}.Debug|x86.ActiveCfg = Debug|Win32
		{D5EC12E7-EF7A-4A8F-91F9-54DD2681C529}.Debug|x86.Build.0 = Debug|Win32
		{D5EC12E7-EF7A-4A8F-91F9-54DD2681C529}.Release|x64.ActiveCfg = Release|x64
		{D5EC12E7-EF7A-4A8F-91F9-54DD2681C529}.Release|x64.Build.0 = Release|x64
		{D5EC12E7-EF7A-4A8F-91F9-54DD2681C529}.Release|x86.ActiveCfg = Release|Win32
		{D5EC12E7-EF7A-4A8F-91F9-54DD2681C529}.Release|x86.Build.0 = Release|Win32
		{40197792-BF7F-412B-9F57-968368CCBB5B}.Debug|x64.ActiveCfg = Debug|x64
		{40197792-BF7F-412B-9F57-968368CCBB5B}.Debug|x64.Build.0 = Debug|x64
		{40197792-BF7F-412B-9F57-968368CCBB5B}.Debug|x86.ActiveCfg = Debug|Win32
		{40197792-BF7F-412B-9F57-968368CCBB5B}.Debug|x86.Build.0 = Debug|Win32
		{40197792-BF7F-412B-9F57-968368CCBB5B}.Release|x64.ActiveCfg = Release|x64
		{40197792-BF7F-412B-9F57-968368CCBB5B}.Release|x64.Build.0 = Release|x64
		{40197792-BF7F-412B-9F57-968368CCBB5B}.Release|x86.ActiveCfg = Release|Win32
		{40197792-BF7F-412B-9F57-968368CCBB5B}.Release|x86.Build.0 = Release|Win32
		{7919769A-02F6-4C5C-BB8E-39C6F936DFAC}.Debug|x64.ActiveCfg = Debug|x64
		{7919769A-02F6-4C5C-BB8E-39C6F936DFAC}.Debug|x64.Build.0 = Debug|x64
		{7919769A-02F6-4C5C-BB8E-39C6F936DFAC}.Debug|x86.ActiveCfg = Debug|Win32
		{7919769A-02F6-4C5C-BB8E-39C6F936DFAC}.Debug|x86.Build.0 = Debug|Win32
		{7919769A-02F6-4C5C-BB8E-39C6F936DFAC}.Release|x64.ActiveCfg = Release|x64
		{7919769A-02F6-4C5C-BB8E-39C6F936DFAC}.Release|x64.Build.0 = Release|x64
		{7919769A-02F6-4C5C-BB8E-39C6F936DFAC}.Release|x86.ActiveCfg = Release|Win32
		{7919769A-02F6-4C5C-BB8E-39C6F936DFAC}.Release|x86.Build.0 = Release|Win32
		{315C6E48-C034-41D9-9D73-04C988832ED8}.Debug|x64.ActiveCfg = Debug|x64
		{315C6E48-C034-41D9-9D73-04C988832ED8}.Debug|x64.Build.0 = Debug|x64
		{315C6E48-C034-41D9-9D73-04C988832ED8}.Debug|x86.ActiveCfg = Debug|Win32
		{315C6E48-C034-41D9-9D73-04C988832ED8}.Debug|x86.Build.0 = Debug|Win32
		{315C6E48-C034-41D9-9D73-04C988832ED8}.Release|x64.ActiveCfg = Release|x64
		{315C6E48-C034-41D9-9D73-04C988832ED8}.Release|x64.Build.0 = Release|x64
		{315C6E48-C034-41D9-9D73-04C988832ED8}.Release|x86.ActiveCfg = Release|Win32
		{315C6E48-C034-41D9-9D73-04C988832ED8}.Release|x86.Build.0 = Release|Win32
		{2C377372-B37A-4D7C-BECF-0BCD8F0C7974}.Debug|x64.ActiveCfg = Debug|x64
		{2C377372-B37A-4D7C-BECF-0BCD8F0C7974}.Debug|x64.Build.0 = Debug|x64
		{2C377372-B37A-4D7C-BECF-0BCD8F0C7974}.Debug|x86.ActiveCfg = Debug|Win32
		{2C377372-B37A-4D7C-BECF-0BCD8F0C7974}.Debug|x86.Build.0 = Debug|Win32
		{2C377372-B37A-4D7C-BECF-0BCD8F0C7974}.Release|x64.ActiveCfg = Release|x64
		{2C377372-B37A-4D7C-BECF-0BCD8F0C7974}.Release|x64.Build.0 = Release|x64
		{2C377372-B37A-4D7C-BECF-0BCD8F0C7974}.Release|x86.ActiveCfg = Release|Win32
		{2C377372-B37A-4D7C-BECF-0BCD8F0C7974}.Release|x86.Build.0 = Release|Win32
		{D3A1559B-05A3-4278-BD44-4ECE01C92ED9}.Debug|x64.ActiveCfg = Debug|x64
		{D3A1559B-05A3-4278-BD44-4ECE01C92ED9}.Debug|x64.Build.0 = Debug|x64
		{D3A1559B-05A3-4278-BD44-4ECE01C92ED9}.Debug|x86.ActiveCfg = Debug|Win32
		{D3A1559B-05A3-4278-BD44-4ECE01C92ED9}.Debug|x86.Build.0 = Debug|Win32
		{D3A1559B-05A3-4278-BD44-4ECE01C92ED9}.Release|x64.ActiveCfg = Release|x64
		{D3A1559B-05A3-4278-BD44-4ECE01C92ED9}.Release|x64.Build.0 = Release|x64
		{D3A1559B-05A3-4278-BD44-4ECE01C92ED9}.Release|x86.ActiveCfg = Release|Win32
		{D3A1559B-05A3-4278-BD44-4ECE01C92ED9}.Release|x86.Build.0 = Release|Win32
		{9EBEE979-F887-436F-BAC5-EB9DF77FF912}.Debug|x64.ActiveCfg = Debug|x64
		{9EBEE979-F887-436F-BAC5-EB9DF77FF912}.Debug|x64.Build.0 = Debug|x64
		{9EBEE979-F887-436F-BAC5-EB9DF77FF912}.Debug|x86.ActiveCfg = Debug|Win32
		{9EBEE979-F887-436F-BAC5-EB9DF77FF912}.Debug|x86.Build.0 = Debug|Win32
		{9EBEE979-F887-436F-BAC5-EB9DF77FF912}.Release|x64.ActiveCfg = Release|x64
		{9EBEE979-F887-436F-BAC5-EB9DF77FF912}.Release|x64.Build.0 = Release|x64
		{9EBEE979-F887-436F-BAC5-EB9DF77FF912}.Release|x86.ActiveCfg = Release|Win32
		{9EBEE979-F887-436F-BAC5-EB9DF77FF912}.Release|x86.Build.0 = Release|Win32
		{A05FCE80-307F-475C-9E5A-88AE4139C12C}.Debug|x64.ActiveCfg = Debug|x64
		{A05FCE80-307F-475C-9E5A-88AE4139C12C}.Debug|x64.Build.0 = Debug|x64
		{A05FCE80-307F-475C-9E5A-88AE4139C12C}.Debug|x86.ActiveCfg = Debug|Win32
		{A05FCE80-307F-475C-9E5A-88AE4139C12C}.Debug|x86.Build.0 = Debug|Win32
		{A05FCE80-307F-475C-9E5A-88AE4139C12C}.Release|x64.ActiveCfg = Release|x64
		{A05FCE80-307F-475C-9E5A-88AE4139C12C}.Release|x64.Build.0 = Release|x64
		{A05FCE80-307F-475C-9E5A-88AE4139C12C}.Release|x86.ActiveCfg = Release|Win32
		{A05FCE80-307F-475C-9E5A-88AE4139C12C}.Release|x86.Build.0 = Release|Win32
		{26C5EACB-CCAC-4227-90CB-F6F3F0899EC8}.Debug|x64.ActiveCfg = Debug|x64
		{26C5EACB-CCAC-4227-90CB-F6F3F0899EC8}.Debug|x64.Build.0 = Debug|x64
		{26C5EACB-CCAC-4227-90CB-F6F3F0899EC8}.Debug|x86.ActiveCfg = Debug|Win32
		{26C5EACB-CCAC-4227-90CB-F6F3F0899EC8}.Debug|x86.Build.0 = Debug|Win32
		{26C5EACB-CCAC-4227-90CB-F6F3F0899EC8}.Release|x64.ActiveCfg = Release|x64
		{26C5EACB-CCAC-4227-90CB-F6F3F0899EC8}.Release|x64.Build.0 = Release|x64
		{26C5EACB-CCAC-4227-90CB-F6F3F0899EC8}.Release|x86.ActiveCfg = Release|Win32
		{26C5EACB-CCAC-4227-90CB-F6F3F0899EC8}.Release|x86.Build.0 = Release|Win32
		{290D51AB-CBF1-4FEC-AE8B-33B075E7FC0F}.Debug|x64.ActiveCfg = Debug|x64
		{290D51AB-CBF1-4FEC-AE8B-33B075E7FC0F}.Debug|x64.Build.0 = Debug|x64
		{290D51AB-CBF1-4FEC-AE8B-33B075E7FC0F}.Debug|x86.ActiveCfg = Debug|Win32
		{290D51AB-CBF1-4FEC-AE8B-33B075E7FC0F}.Debug|x86.Build.0 = Debug|Win32
		{290D51AB-CBF1-4FEC-AE8B-33B075E7FC0F}.Release|x64.ActiveCfg = Release|x64
		{290D51AB-CBF1-4FEC-AE8B-33B075E7FC0F}.Release|x64.Build.0 = Release|x64
		{290D51AB-CBF1-4FEC-AE8B-33B075E7FC0F}.Release|x86.ActiveCfg = Release|Win32
		{290D51AB-CBF1-4FEC-AE8B-33B075E7FC0F}.Release|x86.Build.0 = Release|Win32
		{5FF86668-A1A7-46F0-BFF5-0538DAB16815}.Debug|x64.ActiveCfg = Debug|x64
		{5FF86668-A1A7-46F0-BFF5-0538DAB16815}.Debug|x64.Build.0 = Debug|x64
		{5FF86668-A1A7-46F0-BFF5-0538DAB16815}.Debug|x86.ActiveCfg = Debug|Win32
		{5FF86668-A1A7-46F0-BFF5-0538DAB16815}.Debug|x86.Build.0 = Debug|Win32
		{5FF86668-A1A7-46F0-BFF5-0538DAB16815}.Release|x64.ActiveCfg = Release|x64
		{5FF86668-A1A7-46F0-BFF5-0538DAB16815}.Release|x64.Build.0 = Release|x64
		{5FF86668-A1A7-46F0-BFF5-0538DAB16815}.Release|x86.ActiveCfg = Release|Win32
		{5FF86668-A1A7-46F0-BFF5-0538DAB16815}.Release|x86.Build.0 = Release|Win32
		{36315F17-974B-4591-AED1-B57F25E329B3}.Debug|x64.ActiveCfg = Debug|x64
		{36315F17-974B-4591-AED1-B57F25E329B3}.Debug|x64.Build.0 = Debug|x64
		{36315F17-974B-4591-AED1-B57F25E329B3}.Debug|x86.ActiveCfg = Debug|Win32
		{36315F17-974B-4591-AED1-B57F25E329B3}.Debug|x86.Build.0 = Debug|Win32
		{36315F17-974B-4591-AED1-B57F25E329B3}.Release|x64.ActiveCfg = Release|x64
		{36315F17-974B-4591-AED1-B57F25E329B3}.Release|x64.Build.0 = Release|x64
		{36315F17-974B-4591-AED1-B57F25E329B3}.Release|x86.ActiveCfg = Release|Win32
		{36315F17-974B-4591-AED1-B57F25E329B3}.Release|x86.Build.0 = Release|Win32
		{A263978E-2778-4BA0-9745-2AD8C06DC84F}.Debug|x64.ActiveCfg = Debug|x64
		{A263978E-2778-4BA0-9745-2AD8C06DC84F}.Debug|x64.Build.0 = Debug|x64
		{A263978E-2778-4BA0-9745-2AD8C06DC84F}.Debug|x86.ActiveCfg = Debug|Win32
		{A263978E-2778-4BA0-9745-2AD8C06DC84F}.Debug|x86.Build.0 = Debug|Win32
		{A263978E-2778-4BA0-9745-2AD8C06DC84F}.Release|x64.ActiveCfg = Release|x64
		{A263978E-2778-4BA0-9745-2AD8C06DC84F}.Release|x64.Build.0 = Release|x64
		{A263978E-2778-4BA0-9745-2AD8C06DC84F}.Release|x86.ActiveCfg = Release|Win32
		{A263978E-2778-4BA0-9745-2AD8C06DC84F}.Release|x86.Build.0 = Release|Win32
		{EB119533-A697-473B-AAB0-223B3D6A0EAE}.Debug|x64.ActiveCfg = Debug|x64
		{EB119533-A697-473B-AAB0-223B3D6A0EAE}.Debug|x64.Build.0 = Debug|x64
		{EB119533-A697-473B-AAB0-223B3D6A0EAE}.Debug|x86.ActiveCfg = Debug|Win32
		{EB119533-A697-473B-AAB0-223B3D6A0EAE}.Debug|x86.Build.0 = Debug|Win32
		{EB119533-A697-473B-AAB0-223B3D6A0EAE}.Release|x64.ActiveCfg = Release|x64
		{EB119533-A697-473B-AAB0-223B3D6A0EAE}.Release|x64.Build.0 = Release|x64
		{EB119533-A697-473B-AAB0-223B3D6A0EAE}.Release|x86.ActiveCfg = Release|Win32
		{EB119533-A697-473B-AAB0-223B3D6A0EAE}.Release|x86.Build.0 = Release|Win32
		{93D3A1EE-DBA0-4387-A0AC-BB8E248EEBF5}.Debug|x64.ActiveCfg = Debug|x64
		{93D3A1EE-DBA0-4387-A0AC-BB8E248EEBF5}.Debug|x64.Build.0 = Debug|x64
		{93D3A1EE-DBA0-4387-A0AC-BB8E248EEBF5}.Debug|x86.ActiveCfg = Debug|Win32
		{93D3A1EE-DBA0-4387-A0AC-BB8E248EEBF5}.Debug|x86.Build.0 = Debug|Win32
		{93D3A1EE-DBA0-4387-A0AC-BB8E248EEBF5}.Release|x64.ActiveCfg = Release|x64
		{93D3A1EE-DBA0-4387-A0AC-BB8E248EEBF5}.Release|x64.Build.0 = Release|x64
		{93D3A1EE-DBA0-4387-A0AC-BB8E248EEBF5}.Release|x86.ActiveCfg = Release|Win32
		{93D3A1EE-DBA0-4387-A0AC-BB8E248EEBF5}.Release|x86.Build.0 = Release|Win32
		{E8CA559F-C5EC-45B5-A6AF-7EC9A23E0CD7}.Debug|x64.ActiveCfg = Debug|x64
		{E8CA559F-C5EC-45B5-A6AF-7EC9A23E0CD7}.Debug|x64.Build.0 = Debug|x64
		{E8CA559F-C5EC-45B5-A6AF-7EC9A23E0CD7}.Debug|x86.ActiveCfg = Debug|Win32
		{E8CA559F-C5EC-45B5-A6AF-7EC9A23E0CD7}.Debug|x86.Build.0 = Debug|Win32
		{E8CA559F-C5EC-45B5-A6AF-7EC9A23E0CD7}.Release|x64.ActiveCfg = Release|x64
		{E8CA559F-C5EC-45B5-A6AF-7EC9A23E0CD7}.Release|x64.Build.0 = Release|x64
		{E8CA559F-C5EC-45B5-A6AF-7EC9A23E0CD7}.Release|x86.ActiveCfg = Release|Win32
		{E8CA559F-C5EC-45B5-A6AF-7EC9A23E0CD7}.Release|x86.Build.0 = Release|Win32
		{05159640-0BDF-4AE8-A391-9DCB25F49188}.Debug|x64.ActiveCfg = Debug|x64
		{05159640-0BDF-4AE8-A391-9DCB25F49188}.Debug|x64.Build.0 = Debug|x64
		{05159640-0BDF-4AE8-A391-9DCB25F49188}.Debug|x86.ActiveCfg = Debug|Win32
		{05159640-0BDF-4AE8-A391-9DCB25F49188}.Debug|x86.Build.0 = Debug|Win32
		{05159640-0BDF-4AE8-A391-9DCB25F49188}.Release|x64.ActiveCfg = Release|x64
		{05159640-0BDF-4AE8-A391-9DCB25F49188}.Release|x64.Build.0 = Release|x64
		{05159640-0BDF-4AE8-A391-9DCB25F49188}.Release|x86.ActiveCfg = Release|Win32
		{05159640-0BDF-4AE8-A391-9DCB25F49188}.Release|x86.Build.0 = Release|Win32
		{E44240B3-6F35-456E-A2F7-7D3CE7F38640}.Debug|x64.ActiveCfg = Debug|x64
		{E44240B3-6F35-456E-A2F7-7D3CE7F38640}.Debug|x64.Build.0 = Debug|x64
		{E44240B3-6F35-456E-A2F7-7D3CE7F38640}.Debug|x86.ActiveCfg = Debug|Win32
		{E44240B3-6F35-456E-A2F7-7D3CE7F38640}.Debug|x86.Build.0 = Debug|Win32
		{E44240B3-6F35-456E-A2F7-7D3CE7F38640}.Release|x64.ActiveCfg = Release|x64
		{E44240B3-6F35-456E-A2F7-7D3CE7F38640}.Release|x64.Build.0 = Release|x64
		{E44240B3-6F35-456E-A2F7-7D3CE7F38640}.Release|x86.ActiveCfg = Release|Win32
		{E44240B3-6F35-456E-A2F7-7D3CE7F38640}.Release|x86.Build.0 = Release|Win32
		{48452F8D-5219-40B3-91FE-A8D9A9BFC682}.Debug|x64.ActiveCfg = Debug|x64
		{48452F8D-5219-40B3-91FE-A8D9A9BFC682}.Debug|x64.Build.0 = Debug|x64
		{48452F8D-5219-40B3-91FE-A8D9A9BFC682}.Debug|x86.ActiveCfg = Debug|Win32
		{48452F8D-5219-40B3-91FE-A8D9A9BFC682}.Debug|x86.Build.0 = Debug|Win32
		{48452F8D-5219-40B3-91FE-A8D9A9BFC682}.Release|x64.ActiveCfg = Release|x64
		{48452F8D-5219-40B3-91FE-A8D9A9BFC682}.Release|x64.Build.0 = Release|x64
		{48452F8D-5219-40B3-91FE-A8D9A9BFC682}.Release|x86.ActiveCfg = Release|Win32
		{48452F8D-5219-40B3-91FE-A8D9A9BFC682}.Release|x86.Build.0 = Release|Win32
		{C78EC292-7C21-4B76-B194-6D5C5402A413}.Debug|x64.ActiveCfg = Debug|x64
		{C78EC292-7C21-4B76-B194-6D5C5402A413}.Debug|x64.Build.0 = Debug|x64
		{C78EC292-7C21-4B76-B194-6D5C5402A413}.Debug|x86.ActiveCfg = Debug|Win32
		{C78EC292-7C21-4B76-B194-6D5C5402A413}.Debug|x86.Build.0 = Debug|Win32
		{C78EC292-7C21-4B76-B194-6D5C5402A413}.Release|x64.ActiveCfg = Release|x64
		{C78EC292-7C21-4B76-B194-6D5C5402A413}.Release|x64.Build.0 = Release|x64
		{C78EC292-7C21-4B76-B194-6D5C5402A413}.Release|x86.ActiveCfg = Release|Win32
		{C78EC292-7C21-4B76-B194-6D5C5402A413}.Release|x86.Build.0 = Release|Win32
		{55EFD343-53B9-4EEE-90ED-8AE4F0674922}.Debug|x64.ActiveCfg = Debug|x64
		{55EFD343-53B9-4EEE-90ED-8AE4F0674922}.Debug|x64.Build.0 = Debug|x64
		{55EFD343-53B9-4EEE-90ED-8AE4F0674922}.Debug|x86.ActiveCfg = Debug|Win32
		{55EFD343-53B9-4EEE-90ED-8AE4F0674922}.Debug|x86.Build.0 = Debug|Win32
		{55EFD343-53B9-4EEE-90ED-8AE4F0674922}.Release|x64.ActiveCfg = Release|x64
		{55EFD343-53B9-4EEE-90ED-8AE4F0674922}.Release|x64.Build.0 = Release|x64
		{55EFD343-53B9-4EEE-90ED-8AE4F0674922}.Release|x86.ActiveCfg = Release|Win32
		{55EFD343-53B9-4EEE-90ED-8AE4F0674922}.Release|x86.Build.0 = Release|Win32
		{4F300C2C-325F-47E6-B81F-7FA274A53C8E}.Debug|x64.ActiveCfg = Debug|x64
		{4F300C2C-325F-47E6-B81F-7FA274A53C8E}.Debug|x64.Build.0 = Debug|x64
		{4F300C2C-325F-47E6-B81F-7FA274A53C8E}.Debug|x86.ActiveCfg = Debug|Win32
		{4F300C2C-325F-47E6-B81F-7FA274A53C8E}.Debug|x86.Build.0 = Debug|Win32
		{4F300C2C-325F-47E6-B81F-7FA274A53C8E}.Release|x64.ActiveCfg = Release|x64
		{4F300C2C-325F-47E6-B81F-7FA274A53C8E}.Release|x64.Build.0 = Release|x64
		{4F300C2C-325F-47E6-B81F-7FA274A53C8E}.Release|x86.ActiveCfg = Release|Win32
		{4F300C2C-325F-47E6-B81F-7FA274A53C8E}.Release|x86.Build.0 = Release|Win32
		{27A5B7AB-9C31-4712-96BF-6ADCD534834B}.Debug|x64.ActiveCfg = Debug|x64
		{27A5B7AB-9C31-4712-96BF-6ADCD534834B}.Debug|x64.Build.0 = Debug|x64
		{27A5B7AB-9C31-4712-96BF-6ADCD534834B}.Debug|x86.ActiveCfg = Debug|Win32
		{27A5B7AB-9C31-4712-96BF-6ADCD534834B}.Debug|x86.Build.0 = Debug|Win32
		{27A5B7AB-9C31-4712-96BF-6ADCD534834B}.Release|x64.ActiveCfg = Release|x64
		{27A5B7AB-9C31-4712-96BF-6ADCD534834B}.Release|x64.Build.0 = Release|x64
		{27A5B7AB-9C31-4712-96BF-6ADCD534834B}.Release|x86.ActiveCfg = Release|Win32
		{27A5B7AB-9C31-4712-96BF-6ADCD534834B}.Release|x86.Build.0 = Release|Win32
		{B1EFF342-E148-4AF0-B261-4429205FAB83}.Debug|x64.ActiveCfg = Debug|x64
		{B1EFF342-E148-4AF0-B261-4429205FAB83}.Debug|x64.Build.0 = Debug|x64
		{B1EFF342-E148-4AF0-B261-4429205FAB83}.Debug|x86.ActiveCfg = Debug|Win32
		{B1EFF342-E148-4AF0-B261-4429205FAB83}.Debug|x86.Build.0 = Debug|Win32
		{B1EFF342-E148-4AF0-B261-4429205FAB83}.Release|x64.ActiveCfg = Release|x64
		{B1EFF342-E148-4AF0-B261-4429205FAB83}.Release|x64.Build.0 = Release|x64
		{B1EFF342-E148-4AF0-B261-4429205FAB83}.Release|x86.ActiveCfg = Release|Win32
		{B1EFF342-E148-4AF0-B261-4429205FAB83}.Release|x86.Build.0 = Release|Win32
		{09FCA4B4-505C-4F50-B2AF-A8D6E4C59158}.Debug|x64.ActiveCfg = Debug|x64
		{09FCA4B4-505C-4F50-B2AF-A8D6E4C59158}.Debug|x64.Build.0 = Debug|x64
		{09FCA4B4-505C-4F50-B2AF-A8D6E4C59158}.Debug|x86.ActiveCfg = Debug|Win32
		{09FCA4B4-505C-4F50-B2AF-A8D6E4C59158}.Debug|x86.Build.0 = Debug|Win32
		{09FCA4B4-505C-4F50-B2AF-A8D6E4C59158}.Release|x64.ActiveCfg = Release|x64
		{09FCA4B4-505C-4F50-B2AF-A8D6E4C59158}.Release|x64.Build.0 = Release|x64
		{09FCA4B4-505C-4F50-B2AF-A8D6E4C59158}.Release|x86.ActiveCfg = Release|Win32
		{09FCA4B4-505C-4F50-B2AF-A8D6E4C59158}.Release|x86.Build.0 = Release|Win32
		{C667FA85-33C8-4CD1-9D9B-246B2909A6EC}.Debug|x64.ActiveCfg = Debug|x64
		{C667FA85-33C8-4CD1-9D9B-246B2909A6EC}.Debug|x64.Build.0 = Debug|x64
		{C667FA85-33C8-4CD1-9D9B-246B2909A6EC}.Debug|x86.ActiveCfg = Debug|Win32
		{C667FA85-33C8-4CD1-9D9B-246B2909A6EC}.Debug|x86.Build.0 = Debug|Win32
		{C667FA85-33C8-4CD1-9D9B-246B2909A6EC}.Release|x64.ActiveCfg = Release|x64
		{C667FA85-33C8-4CD1-9D9B-246B2909A6EC}.Release|x64.Build.0 = Release|x64
		{C667FA85-33C8-4CD1-9D9B-246B2909A6EC}.Release|x86.ActiveCfg = Release|Win32
		{C667FA85-33C8-4CD1-9D9B-246B2909A6EC}.Release|x86.Build.0 = Release|Win32
		{DCB49873-E3BF-4685-9F94-B4FD2BECB28F}.Debug|x64.ActiveCfg = Debug|x64
		{DCB49873-E3BF-4685-9F94-B4FD2BECB28F}.Debug|x64.Build.0 = Debug|x64
		{DCB49873-E3BF-4685-9F94-B4FD2BECB28F}.Debug|x86.ActiveCfg = Debug|Win32
		{DCB49873-E3BF-4685-9F94-B4FD2BECB28F}.Debug|x86.Build.0 = Debug|Win32
		{DCB49873-E3BF-4685-9F94-B4FD2BECB28F}.Release|x64.ActiveCfg = Release|x64
		{DCB49873-E3BF-4685-9F94-B4FD2BECB28F}.Release|x64.Build.0 = Release|x64
		{DCB49873-E3BF-4685-9F94-B4FD2BECB28F}.Release|x86.ActiveCfg = Release|Win32
		{DCB49873-E3BF-4685-9F94-B4FD2BECB28F}.Release|x86.Build.0 = Release|Win32
		{2402D752-4F1C-4BD1-BE17-CAA8FFE5EFDF}.Debug|x64.ActiveCfg = Debug|x64
		{2402D752-4F1C-4BD1-BE17-CAA8FFE5EFDF}.Debug|x64.Build.0 = Debug|x64
		{2402D752-4F1C-4BD1-BE17-CAA8FFE5EFDF}.Debug|x86.ActiveCfg = Debug|Win32
		{2402D752-4F1C-4BD1-BE17-CAA8FFE5EFDF}.Debug|x86.Build.0 = Debug|Win32
		{2402D752-4F1C-4BD1-BE17-CAA8FFE5EFDF}.Release|x64.ActiveCfg = Release|x64
		{2402D752-4F1C-4BD1-BE17-CAA8FFE5EFDF}.Release|x64.Build.0 = Release|x64
		{2402D752-4F1C-4BD1-BE17-CAA8FFE5EFDF}.Release|x86.ActiveCfg = Release|Win32
		{2402D752-4F1C-4BD1-BE17-CAA8FFE5EFDF}.Release|x86.Build.0 = Release|Win32
		{536448A8-7E34-4F66-8369-E363ABB380C1}.Debug|x64.ActiveCfg = Debug|x64
		{536448A8-7E34-4F66-8369-E363ABB380C1}.Debug|x64.Build.0 = Debug|x64
		{536448A8-7E34-4F66-8369-E363ABB380C1}.Debug|x86.ActiveCfg = Debug|Win32
		{536448A8-7E34-4F66-8369-E363ABB380C1}.Debug|x86.Build.0 = Debug|Win32
		{536448A8-7E34-4F66-8369-E363ABB380C1}.Release|x64.ActiveCfg = Release|x64
		{536448A8-7E34-4F66-8369-E363ABB380C1}.Release|x64.Build.0 = Release|x64
		{536448A8-7E34-4F66-8369-E363ABB380C1}.Release|x86.ActiveCfg = Release|Win32
		{536448A8-7E34-4F66-8369-E363ABB380C1}.Release|x86.Build.0 = Release|Win32
		{49131785-1C8F-4164-AB61-07B40E97BB4C}.Debug|x64.ActiveCfg = Debug|x64
		{49131785-1C8F-4164-AB61-07B40E97BB4C}.Debug|x64.Build.0 = Debug|x64
		{49131785-1C8F-4164-AB61-07B40E97BB4C}.Debug|x86.ActiveCfg = Debug|Win32
		{49131785-1C8F-4164-AB61-07B40E97BB4C}.Debug|x86.Build.0 = Debug|Win32
		{49131785-1C8F-4164-AB61-07B40E97BB4C}.Release|x64.ActiveCfg = Release|x64
		{49131785-1C8F-4164-AB61-07B40E97BB4C}.Release|x64.Build.0 = Release|x64
		{49131785-1C8F-4164-AB61-07B40E97BB4C}.Release|x86.ActiveCfg = Release|Win32
		{49131785-1C8F-4164-AB61-07B40E97BB4C}.Release|x86.Build.0 = Release|Win32
		{4A4C4C3E-4292-4BD2-B94B-6AA7F73ACFB8}.Debug|x64.ActiveCfg = Debug|x64
		{4A4C4C3E-4292-4BD2-B94B-6AA7F73ACFB8}.Debug|x64.Build.0 = Debug|x64
		{4A4C4C3E-4292-4BD2-B94B-6AA7F73ACFB8}.Debug|x86.ActiveCfg = Debug|Win32
		{4A4C4C3E-4292-4BD2-B94B-6AA7F73ACFB8}.Debug|x86.Build.0 = Debug|Win32
		{4A4C4C3E-4292-4BD2-B94B-6AA7F73ACFB8}.Release|x64.ActiveCfg = Release|x64
		{4A4C4C3E-4292-4BD2-B94B-6AA7F73ACFB8}.Release|x64.Build.0 = Release|x64
		{4A4C4C3E-4292-4BD2-B94B-6AA7F73ACFB8}.Release|x86.ActiveCfg = Release|Win32
		{4A4C4C3E-4292-4BD2-B94B-6AA7F73ACFB8}.Release|x86.Build.0 = Release|Win32
		{C09C691A-3A78-48E0-AE65-62317E6D7A93}.Debug|x64.ActiveCfg = Debug|x64
		{C09C691A-3A78-48E0-AE65-62317E6D7A93}.Debug|x64.Build.0 = Debug|x64
		{C09C691A-3A78-48E0-AE65-62317E6D7A93}.Debug|x86.ActiveCfg = Debug|Win32
		{C09C691A-3A78-48E0-AE65-62317E6D7A93}.Debug|x86.Build.0 = Debug|Win32
		{C09C691A-3A78-48E0-AE65-62317E6D7A93}.Release|x64.ActiveCfg = Release|x64
		{C09C691A-3A78-48E0-AE65-62317E6D7A93}.Release|x64.Build.0 = Release|x64
		{C09C691A-3A78-48E0-AE65-62317E6D7A93}.Release|x86.ActiveCfg = Release|Win32
		{C09C691A-3A78-48E0-AE65-62317E6D7A93}.Release|x86.Build.0 = Release|Win32
		{E606604C-B8BD-47A6-832B-459FFBA33320}.Debug|x64.ActiveCfg = Debug|x64
		{E606604C-B8BD-47A6-832B-459FFBA33320}.Debug|x64.Build.0 = Debug|x64
		{E606604C-B8BD-47A6-832B-459FFBA33320}.Debug|x86.ActiveCfg = Debug|Win32
		{E606604C-B8BD-47A6-832B-459FFBA33320}.Debug|x86.Build.0 = Debug|Win32
		{E606604C-B8BD-47A6-832B-459FFBA33320}.Release|x64.ActiveCfg = Release|x64
		{E606604C-B8BD-47A6-832B-459FFBA33320}.Release|x64.Build.0 = Release|x64
		{E606604C-B8BD-47A6-832B-459FFBA33320}.Release|x86.ActiveCfg = Release|Win32
		{E606604C-B8BD-47A6-832B-459FFBA33320}.Release|x86.Build.0 = Release|Win32
		{92E23E70-3842-43B1-A05A-7601EC06B2C5}.Debug|x64.ActiveCfg = Debug|x64
		{92E23E70-3842-43B1-A05A-7601EC06B2C5}.Debug|x64.Build.0 = Debug|x64
		{92E23E70-3842-43B1-A05A-7601EC06B2C5}.Debug|x86.ActiveCfg = Debug|Win32
		{92E23E70-3842-43B1-A05A-7601EC06B2C5}.Debug|x86.Build.0 = Debug|Win32
		{92E23E70-3842-43B1-A05A-7601EC06B2C5}.Release|x64.ActiveCfg = Release|x64
		{92E23E70-3842-43B1-A05A-7601EC06B2C5}.Release|x64.Build.0 = Release|x64
		{92E23E70-3842-43B1-A05A-7601EC06B2C5}.Release|x86.ActiveCfg = Release|Win32
		{92E23E70-3842-43B1-A05A-7601EC06B2C5}.Release|x86.Build.0 = Release|Win32
		{4D1953B9-40DD-4B31-B3C0-0621FC8D472F}.Debug|x64.ActiveCfg = Debug|x64
		{4D1953B9-40DD-4B31-B3C0-0621FC8D472F}.Debug|x64.Build.0 = Debug|x64
		{4D1953B9-40DD-4B31-B3C0-0621FC8D472F}.Debug|x86.ActiveCfg = Debug|Win32
		{4D1953B9-40DD-4B31-B3C0-0621FC8D472F}.Debug|x86.Build.0 = Debug|Win32
		{4D1953B9-40DD-4B31-B3C0-0621FC8D472F}.Release|x64.ActiveCfg = Release|x64
		{4D1953B9-40DD-4B31-B3C0-0621FC8D472F}.Release|x64.Build.0 = Release|x64
		{4D1953B9-40DD-4B31-B3C0-0621FC8D472F}.Release|x86.ActiveCfg = Release|Win32
		{4D1953B9-40DD-4B31-B3C0-0621FC8D472F}.Release|x86.Build.0 = Release|Win32
		{97B39BCC-1531-4D8A-98F4-8EE2A21B7177}.Debug|x64.ActiveCfg = Debug|x64
		{97B39BCC-1531-4D8A-98F4-8EE2A21B7177}.Debug|x64.Build.0 = Debug|x64
		{97B39BCC-1531-4D8A-98F4-8EE2A21B7177}.Debug|x86.ActiveCfg = Debug|Win32
		{97B39BCC-1531-4D8A-98F4-8EE2A21B7177}.Debug|x86.Build.0 = Debug|Win32
		{97B39BCC-1531-4D8A-98F4-8EE2A21B7177}.Release|x64.ActiveCfg = Release|x64
		{97B39BCC-1531-4D8A-98F4-8EE2A21B7177}.Release|x64.Build.0 = Release|x64
		{97B39BCC-1531-4D8A-98F4-8EE2A21B7177}.Release|x86.ActiveCfg = Release|Win32
		{97B39BCC-1531-4D8A-98F4-8EE2A21B7177}.Release|x86.Build.0 = Release|Win32
		{16C640E8-2EAD-4A48-842B-FB28C9652776}.Debug|x64.ActiveCfg = Debug|x64
		{16C640E8-2EAD-4A48-842B-FB28C9652776}.Debug|x64.Build.0 = Debug|x64
		{16C640E8-2EAD-4A48-842B-FB28C9652776}.Debug|x86.ActiveCfg = Debug|Win32
		{16C640E8-2EAD-4A48-842B-FB28C9652776}.Debug|x86.Build.0 = Debug|Win32
		{16C640E8-2EAD-4A48-842B-FB28C9652776}.Release|x64.ActiveCfg = Release|x64
		{16C640E8-2EAD-4A48-842B-FB28C9652776}.Release|x64.Build.0 = Release|x64
		{16C640E8-2EAD-4A48-842B-FB28C9652776}.Release|x86.ActiveCfg = Release|Win32
		{16C640E8-2EAD-4A48-842B-FB28C9652776}.Release|x86.Build.0 = Release|Win32
	EndGlobalSection
	GlobalSection(SolutionProperties) = preSolution
		HideSolutionNode = FALSE
	EndGlobalSection
	GlobalSection(ExtensibilityGlobals) = postSolution
		SolutionGuid = {534CB06B-93BE-467E-ABCE-ACBDD8D23518}
	EndGlobalSection
EndGlobal
